// !$*UTF8*$!
{
	archiveVersion = 1;
	classes = {
	};
	objectVersion = 46;
	objects = {

/* Begin PBXBuildFile section */
		2002AECF1E83D54300E21EA5 /* GoogleService-Info.plist in Resources */ = {isa = PBXBuildFile; fileRef = 2002AECE1E83D54300E21EA5 /* GoogleService-Info.plist */; };
		2002AED11E84B8A800E21EA5 /* RecordTableViewController.swift in Sources */ = {isa = PBXBuildFile; fileRef = 2002AED01E84B8A800E21EA5 /* RecordTableViewController.swift */; };
		2002AEE31E8A6CF300E21EA5 /* CollectionHeight.swift in Sources */ = {isa = PBXBuildFile; fileRef = 2002AEE21E8A6CF300E21EA5 /* CollectionHeight.swift */; };
		200F159B1EA65DA500268240 /* IMG_1777.jpg in Resources */ = {isa = PBXBuildFile; fileRef = 200F159A1EA65DA500268240 /* IMG_1777.jpg */; };
		200F159F1EA7008100268240 /* AccountSettingTableViewController.swift in Sources */ = {isa = PBXBuildFile; fileRef = 200F159E1EA7008100268240 /* AccountSettingTableViewController.swift */; };
		200F15AA1EA7060B00268240 /* ProfileImageTableViewCell.swift in Sources */ = {isa = PBXBuildFile; fileRef = 200F15A81EA7060B00268240 /* ProfileImageTableViewCell.swift */; };
		200F15AB1EA7060B00268240 /* ProfileImageTableViewCell.xib in Resources */ = {isa = PBXBuildFile; fileRef = 200F15A91EA7060B00268240 /* ProfileImageTableViewCell.xib */; };
		200F15AE1EA7075900268240 /* ProfileSettingTableViewCell.swift in Sources */ = {isa = PBXBuildFile; fileRef = 200F15AC1EA7075900268240 /* ProfileSettingTableViewCell.swift */; };
		200F15AF1EA7075900268240 /* ProfileSettingTableViewCell.xib in Resources */ = {isa = PBXBuildFile; fileRef = 200F15AD1EA7075900268240 /* ProfileSettingTableViewCell.xib */; };
		200F15B21EA7096300268240 /* PrivateSettingTableViewCell.swift in Sources */ = {isa = PBXBuildFile; fileRef = 200F15B01EA7096300268240 /* PrivateSettingTableViewCell.swift */; };
		200F15B31EA7096300268240 /* PrivateSettingTableViewCell.xib in Resources */ = {isa = PBXBuildFile; fileRef = 200F15B11EA7096300268240 /* PrivateSettingTableViewCell.xib */; };
		200F15B51EA70A0E00268240 /* ProfileSettingTableViewController.swift in Sources */ = {isa = PBXBuildFile; fileRef = 200F15B41EA70A0E00268240 /* ProfileSettingTableViewController.swift */; };
		201978B61E80BAE20013FACE /* AppDelegate.swift in Sources */ = {isa = PBXBuildFile; fileRef = 201978B51E80BAE20013FACE /* AppDelegate.swift */; };
		201978BB1E80BAE20013FACE /* Main.storyboard in Resources */ = {isa = PBXBuildFile; fileRef = 201978B91E80BAE20013FACE /* Main.storyboard */; };
		201978BE1E80BAE20013FACE /* LetsDev.xcdatamodeld in Sources */ = {isa = PBXBuildFile; fileRef = 201978BC1E80BAE20013FACE /* LetsDev.xcdatamodeld */; };
		201978C01E80BAE20013FACE /* Assets.xcassets in Resources */ = {isa = PBXBuildFile; fileRef = 201978BF1E80BAE20013FACE /* Assets.xcassets */; };
		201978C31E80BAE20013FACE /* LaunchScreen.storyboard in Resources */ = {isa = PBXBuildFile; fileRef = 201978C11E80BAE20013FACE /* LaunchScreen.storyboard */; };
		201978D61E80CFBE0013FACE /* NewDevViewController.swift in Sources */ = {isa = PBXBuildFile; fileRef = 201978D51E80CFBE0013FACE /* NewDevViewController.swift */; };
		2030D5FB1E839262004E2C63 /* TimerViewController.swift in Sources */ = {isa = PBXBuildFile; fileRef = 2030D5FA1E839262004E2C63 /* TimerViewController.swift */; };
		205DC7761E8FF63B00A3E46E /* NewDevTableViewCell.swift in Sources */ = {isa = PBXBuildFile; fileRef = 205DC7651E8FF63B00A3E46E /* NewDevTableViewCell.swift */; };
		205DC7771E8FF63B00A3E46E /* NewDevTableViewCell.xib in Resources */ = {isa = PBXBuildFile; fileRef = 205DC7661E8FF63B00A3E46E /* NewDevTableViewCell.xib */; };
		205DC7781E8FF63B00A3E46E /* NewDevTableViewCellFilm.swift in Sources */ = {isa = PBXBuildFile; fileRef = 205DC7671E8FF63B00A3E46E /* NewDevTableViewCellFilm.swift */; };
		205DC7791E8FF63B00A3E46E /* NewDevTableViewCellFilm.xib in Resources */ = {isa = PBXBuildFile; fileRef = 205DC7681E8FF63B00A3E46E /* NewDevTableViewCellFilm.xib */; };
		205DC77A1E8FF63B00A3E46E /* NewDevTableViewCellOneContent.swift in Sources */ = {isa = PBXBuildFile; fileRef = 205DC7691E8FF63B00A3E46E /* NewDevTableViewCellOneContent.swift */; };
		205DC77B1E8FF63B00A3E46E /* NewDevTableViewCellOneContent.xib in Resources */ = {isa = PBXBuildFile; fileRef = 205DC76A1E8FF63B00A3E46E /* NewDevTableViewCellOneContent.xib */; };
		205DC77C1E8FF63B00A3E46E /* NewDevTableViewCellTwoContent.swift in Sources */ = {isa = PBXBuildFile; fileRef = 205DC76B1E8FF63B00A3E46E /* NewDevTableViewCellTwoContent.swift */; };
		205DC77D1E8FF63B00A3E46E /* NewDevTableViewCellTwoContent.xib in Resources */ = {isa = PBXBuildFile; fileRef = 205DC76C1E8FF63B00A3E46E /* NewDevTableViewCellTwoContent.xib */; };
		205DC77E1E8FF63B00A3E46E /* CombinationTableViewCell.swift in Sources */ = {isa = PBXBuildFile; fileRef = 205DC76E1E8FF63B00A3E46E /* CombinationTableViewCell.swift */; };
		205DC77F1E8FF63B00A3E46E /* CombinationTableViewCell.xib in Resources */ = {isa = PBXBuildFile; fileRef = 205DC76F1E8FF63B00A3E46E /* CombinationTableViewCell.xib */; };
		205DC7801E8FF63B00A3E46E /* NoteTableViewCell.swift in Sources */ = {isa = PBXBuildFile; fileRef = 205DC7701E8FF63B00A3E46E /* NoteTableViewCell.swift */; };
		205DC7811E8FF63B00A3E46E /* NoteTableViewCell.xib in Resources */ = {isa = PBXBuildFile; fileRef = 205DC7711E8FF63B00A3E46E /* NoteTableViewCell.xib */; };
		205DC7821E8FF63B00A3E46E /* PhotoCollectionViewCell.swift in Sources */ = {isa = PBXBuildFile; fileRef = 205DC7721E8FF63B00A3E46E /* PhotoCollectionViewCell.swift */; };
		205DC7831E8FF63B00A3E46E /* PhotoCollectionViewCell.xib in Resources */ = {isa = PBXBuildFile; fileRef = 205DC7731E8FF63B00A3E46E /* PhotoCollectionViewCell.xib */; };
		205DC7841E8FF63B00A3E46E /* PhotoTableViewCell.swift in Sources */ = {isa = PBXBuildFile; fileRef = 205DC7741E8FF63B00A3E46E /* PhotoTableViewCell.swift */; };
		205DC7851E8FF63B00A3E46E /* PhotoTableViewCell.xib in Resources */ = {isa = PBXBuildFile; fileRef = 205DC7751E8FF63B00A3E46E /* PhotoTableViewCell.xib */; };
		205DC7891E8FF99600A3E46E /* PersonalTableViewCell.swift in Sources */ = {isa = PBXBuildFile; fileRef = 205DC7871E8FF99600A3E46E /* PersonalTableViewCell.swift */; };
		205DC78A1E8FF99600A3E46E /* PersonalTableViewCell.xib in Resources */ = {isa = PBXBuildFile; fileRef = 205DC7881E8FF99600A3E46E /* PersonalTableViewCell.xib */; };
		205DC78D1E8FFD4300A3E46E /* RecordListTableViewCell.swift in Sources */ = {isa = PBXBuildFile; fileRef = 205DC78B1E8FFD4300A3E46E /* RecordListTableViewCell.swift */; };
		205DC78E1E8FFD4300A3E46E /* RecordListTableViewCell.xib in Resources */ = {isa = PBXBuildFile; fileRef = 205DC78C1E8FFD4300A3E46E /* RecordListTableViewCell.xib */; };
		205DC7901E902AC100A3E46E /* AlertNavigationController.swift in Sources */ = {isa = PBXBuildFile; fileRef = 205DC78F1E902AC100A3E46E /* AlertNavigationController.swift */; };
		205DC7921E902AE800A3E46E /* HomeNavigationController.swift in Sources */ = {isa = PBXBuildFile; fileRef = 205DC7911E902AE800A3E46E /* HomeNavigationController.swift */; };
		205DC7981E91622200A3E46E /* PersonalTableViewController.swift in Sources */ = {isa = PBXBuildFile; fileRef = 205DC7971E91622200A3E46E /* PersonalTableViewController.swift */; };
		205DC79A1E9200B300A3E46E /* Record.swift in Sources */ = {isa = PBXBuildFile; fileRef = 205DC7991E9200B300A3E46E /* Record.swift */; };
		205DC79C1E92382B00A3E46E /* UserManager.swift in Sources */ = {isa = PBXBuildFile; fileRef = 205DC79B1E92382B00A3E46E /* UserManager.swift */; };
		205DC7A01E93840000A3E46E /* FavoriteManager.swift in Sources */ = {isa = PBXBuildFile; fileRef = 205DC79F1E93840000A3E46E /* FavoriteManager.swift */; };
		205DC7A61E93ACFE00A3E46E /* FavoriteTableViewCell.swift in Sources */ = {isa = PBXBuildFile; fileRef = 205DC7A41E93ACFE00A3E46E /* FavoriteTableViewCell.swift */; };
		205DC7A71E93ACFE00A3E46E /* FavoriteTableViewCell.xib in Resources */ = {isa = PBXBuildFile; fileRef = 205DC7A51E93ACFE00A3E46E /* FavoriteTableViewCell.xib */; };
		205DC7A91E93B3B200A3E46E /* FavoriteTableViewController.swift in Sources */ = {isa = PBXBuildFile; fileRef = 205DC7A81E93B3B200A3E46E /* FavoriteTableViewController.swift */; };
		205DC7AF1E94ED7100A3E46E /* CreateUserViewController.swift in Sources */ = {isa = PBXBuildFile; fileRef = 205DC7AE1E94ED7100A3E46E /* CreateUserViewController.swift */; };
		205DC7B11E94EFD000A3E46E /* UsernameViewController.swift in Sources */ = {isa = PBXBuildFile; fileRef = 205DC7B01E94EFD000A3E46E /* UsernameViewController.swift */; };
		205DC7B31E94F11500A3E46E /* UserPhotoViewController.swift in Sources */ = {isa = PBXBuildFile; fileRef = 205DC7B21E94F11500A3E46E /* UserPhotoViewController.swift */; };
		206E3CB21E8BA32E00DB33DD /* LoginManager.swift in Sources */ = {isa = PBXBuildFile; fileRef = 206E3CB11E8BA32E00DB33DD /* LoginManager.swift */; };
		206E3CB41E8BA36300DB33DD /* User.swift in Sources */ = {isa = PBXBuildFile; fileRef = 206E3CB31E8BA36300DB33DD /* User.swift */; };
		206E3CB61E8BB36800DB33DD /* RecordManager.swift in Sources */ = {isa = PBXBuildFile; fileRef = 206E3CB51E8BB36800DB33DD /* RecordManager.swift */; };
		2083ABC41E99D9BB00AB0B5A /* LogInViewController.swift in Sources */ = {isa = PBXBuildFile; fileRef = 2083ABC31E99D9BB00AB0B5A /* LogInViewController.swift */; };
		2083ABC71E99EB7100AB0B5A /* ErrorHandler.swift in Sources */ = {isa = PBXBuildFile; fileRef = 2083ABC61E99EB7100AB0B5A /* ErrorHandler.swift */; };
		2083ABC91E9A1E4900AB0B5A /* CommunityManager.swift in Sources */ = {isa = PBXBuildFile; fileRef = 2083ABC81E9A1E4900AB0B5A /* CommunityManager.swift */; };
		2083ABCB1E9A30EE00AB0B5A /* ShareNewPostViewController.swift in Sources */ = {isa = PBXBuildFile; fileRef = 2083ABCA1E9A30EE00AB0B5A /* ShareNewPostViewController.swift */; };
		2083ABCD1E9A457B00AB0B5A /* SharedPost.swift in Sources */ = {isa = PBXBuildFile; fileRef = 2083ABCC1E9A457B00AB0B5A /* SharedPost.swift */; };
		2084E2DC1E954D6A00EE06DA /* SignUpViewController.swift in Sources */ = {isa = PBXBuildFile; fileRef = 2084E2DB1E954D6A00EE06DA /* SignUpViewController.swift */; };
		2084E2E01E9606E300EE06DA /* fontawesome-webfont.ttf in Resources */ = {isa = PBXBuildFile; fileRef = 2084E2DF1E9604AD00EE06DA /* fontawesome-webfont.ttf */; };
		20892FC21E812D9B00369946 /* DevProcess.swift in Sources */ = {isa = PBXBuildFile; fileRef = 20892FC11E812D9B00369946 /* DevProcess.swift */; };
		20892FC51E819B6200369946 /* Color.swift in Sources */ = {isa = PBXBuildFile; fileRef = 20892FC41E819B6200369946 /* Color.swift */; };
		20892FC71E821A0700369946 /* Combination.swift in Sources */ = {isa = PBXBuildFile; fileRef = 20892FC61E821A0700369946 /* Combination.swift */; };
		20892FCD1E8223FB00369946 /* Film.swift in Sources */ = {isa = PBXBuildFile; fileRef = 20892FCC1E8223FB00369946 /* Film.swift */; };
		20892FCF1E827C0C00369946 /* TTInputButton.swift in Sources */ = {isa = PBXBuildFile; fileRef = 20892FCE1E827C0C00369946 /* TTInputButton.swift */; };
		20C388871EB1A6DA0091FA4E /* PrivacyViewController.swift in Sources */ = {isa = PBXBuildFile; fileRef = 20C388861EB1A6DA0091FA4E /* PrivacyViewController.swift */; };
		20C388891EB1BC520091FA4E /* PrivacyPolicyViewController.swift in Sources */ = {isa = PBXBuildFile; fileRef = 20C388881EB1BC520091FA4E /* PrivacyPolicyViewController.swift */; };
		20C3888B1EB1BEEC0091FA4E /* MessageUI.framework in Frameworks */ = {isa = PBXBuildFile; fileRef = 20C3888A1EB1BEEC0091FA4E /* MessageUI.framework */; };
		20E6C6FE1E9B833C0021F1DB /* HomePageTableViewCell.swift in Sources */ = {isa = PBXBuildFile; fileRef = 20E6C6FC1E9B833C0021F1DB /* HomePageTableViewCell.swift */; };
		20E6C6FF1E9B833C0021F1DB /* HomePageTableViewCell.xib in Resources */ = {isa = PBXBuildFile; fileRef = 20E6C6FD1E9B833C0021F1DB /* HomePageTableViewCell.xib */; };
		20E6C7011E9C76870021F1DB /* HomeTableViewController.swift in Sources */ = {isa = PBXBuildFile; fileRef = 20E6C7001E9C76870021F1DB /* HomeTableViewController.swift */; };
		20EDD1021EA609E6000AD79B /* SettingsTableViewController.swift in Sources */ = {isa = PBXBuildFile; fileRef = 20EDD1011EA609E6000AD79B /* SettingsTableViewController.swift */; };
		20EDD1061EA618E8000AD79B /* SettingTableViewCell.swift in Sources */ = {isa = PBXBuildFile; fileRef = 20EDD1041EA618E8000AD79B /* SettingTableViewCell.swift */; };
		20EDD1071EA618E8000AD79B /* SettingTableViewCell.xib in Resources */ = {isa = PBXBuildFile; fileRef = 20EDD1051EA618E8000AD79B /* SettingTableViewCell.xib */; };
		20EF0E271E9DF52600943761 /* CommentTableViewController.swift in Sources */ = {isa = PBXBuildFile; fileRef = 20EF0E261E9DF52600943761 /* CommentTableViewController.swift */; };
		20EF0E2A1E9DF75400943761 /* CommentDetailTableViewCell.swift in Sources */ = {isa = PBXBuildFile; fileRef = 20EF0E281E9DF75400943761 /* CommentDetailTableViewCell.swift */; };
		20EF0E2B1E9DF75400943761 /* CommentDetailTableViewCell.xib in Resources */ = {isa = PBXBuildFile; fileRef = 20EF0E291E9DF75400943761 /* CommentDetailTableViewCell.xib */; };
		20EF0E2E1E9E0E1200943761 /* DetailTableViewCell.swift in Sources */ = {isa = PBXBuildFile; fileRef = 20EF0E2C1E9E0E1200943761 /* DetailTableViewCell.swift */; };
		20EF0E2F1E9E0E1200943761 /* DetailTableViewCell.xib in Resources */ = {isa = PBXBuildFile; fileRef = 20EF0E2D1E9E0E1200943761 /* DetailTableViewCell.xib */; };
		20EF0E321E9E0E9700943761 /* ButtonsTableViewCell.swift in Sources */ = {isa = PBXBuildFile; fileRef = 20EF0E301E9E0E9700943761 /* ButtonsTableViewCell.swift */; };
		20EF0E331E9E0E9700943761 /* ButtonsTableViewCell.xib in Resources */ = {isa = PBXBuildFile; fileRef = 20EF0E311E9E0E9700943761 /* ButtonsTableViewCell.xib */; };
		20EF0E361E9E10D800943761 /* CommentsTableViewCell.swift in Sources */ = {isa = PBXBuildFile; fileRef = 20EF0E341E9E10D800943761 /* CommentsTableViewCell.swift */; };
		20EF0E371E9E10D800943761 /* CommentsTableViewCell.xib in Resources */ = {isa = PBXBuildFile; fileRef = 20EF0E351E9E10D800943761 /* CommentsTableViewCell.xib */; };
		20EF0E391E9F166C00943761 /* Comment.swift in Sources */ = {isa = PBXBuildFile; fileRef = 20EF0E381E9F166C00943761 /* Comment.swift */; };
		20EF0E3E1E9F7D9000943761 /* InputTableViewCell.swift in Sources */ = {isa = PBXBuildFile; fileRef = 20EF0E3C1E9F7D9000943761 /* InputTableViewCell.swift */; };
		20EF0E3F1E9F7D9000943761 /* InputTableViewCell.xib in Resources */ = {isa = PBXBuildFile; fileRef = 20EF0E3D1E9F7D9000943761 /* InputTableViewCell.xib */; };
		20F056711EA9F60000C597B2 /* PasswordSettingTableViewController.swift in Sources */ = {isa = PBXBuildFile; fileRef = 20F056701EA9F5FF00C597B2 /* PasswordSettingTableViewController.swift */; };
		20F056781EAA0C9700C597B2 /* PasswordSettingTableViewCell.swift in Sources */ = {isa = PBXBuildFile; fileRef = 20F056761EAA0C9700C597B2 /* PasswordSettingTableViewCell.swift */; };
		20F056791EAA0C9700C597B2 /* PasswordSettingTableViewCell.xib in Resources */ = {isa = PBXBuildFile; fileRef = 20F056771EAA0C9700C597B2 /* PasswordSettingTableViewCell.xib */; };
		20F322DF1E8E1B59008605FE /* NoteViewController.swift in Sources */ = {isa = PBXBuildFile; fileRef = 20F322DE1E8E1B59008605FE /* NoteViewController.swift */; };
		20F322E11E8FA82A008605FE /* TabBarController.swift in Sources */ = {isa = PBXBuildFile; fileRef = 20F322E01E8FA82A008605FE /* TabBarController.swift */; };
		20F322E71E8FAFF1008605FE /* PersonalNavigationController.swift in Sources */ = {isa = PBXBuildFile; fileRef = 20F322E61E8FAFF1008605FE /* PersonalNavigationController.swift */; };
		20F322E91E8FB003008605FE /* FavoriteNavigationController.swift in Sources */ = {isa = PBXBuildFile; fileRef = 20F322E81E8FB003008605FE /* FavoriteNavigationController.swift */; };
		20F322EB1E8FB080008605FE /* NewDevNavigationController.swift in Sources */ = {isa = PBXBuildFile; fileRef = 20F322EA1E8FB080008605FE /* NewDevNavigationController.swift */; };
		E4F1FE23674C8589E00ACF52 /* Pods_LetsDev.framework in Frameworks */ = {isa = PBXBuildFile; fileRef = DD5025F6EEDEA83A6E3AA888 /* Pods_LetsDev.framework */; };
/* End PBXBuildFile section */

/* Begin PBXFileReference section */
		01A593E4A91523410B938F6A /* Pods-LetsDev.release.xcconfig */ = {isa = PBXFileReference; includeInIndex = 1; lastKnownFileType = text.xcconfig; name = "Pods-LetsDev.release.xcconfig"; path = "Pods/Target Support Files/Pods-LetsDev/Pods-LetsDev.release.xcconfig"; sourceTree = "<group>"; };
		2002AECE1E83D54300E21EA5 /* GoogleService-Info.plist */ = {isa = PBXFileReference; fileEncoding = 4; lastKnownFileType = text.plist.xml; path = "GoogleService-Info.plist"; sourceTree = "<group>"; };
		2002AED01E84B8A800E21EA5 /* RecordTableViewController.swift */ = {isa = PBXFileReference; fileEncoding = 4; lastKnownFileType = sourcecode.swift; path = RecordTableViewController.swift; sourceTree = "<group>"; };
		2002AEE21E8A6CF300E21EA5 /* CollectionHeight.swift */ = {isa = PBXFileReference; fileEncoding = 4; lastKnownFileType = sourcecode.swift; path = CollectionHeight.swift; sourceTree = "<group>"; };
		200F159A1EA65DA500268240 /* IMG_1777.jpg */ = {isa = PBXFileReference; lastKnownFileType = image.jpeg; path = IMG_1777.jpg; sourceTree = "<group>"; };
		200F159E1EA7008100268240 /* AccountSettingTableViewController.swift */ = {isa = PBXFileReference; fileEncoding = 4; lastKnownFileType = sourcecode.swift; path = AccountSettingTableViewController.swift; sourceTree = "<group>"; };
		200F15A81EA7060B00268240 /* ProfileImageTableViewCell.swift */ = {isa = PBXFileReference; fileEncoding = 4; lastKnownFileType = sourcecode.swift; name = ProfileImageTableViewCell.swift; path = Setting/ProfileImageTableViewCell.swift; sourceTree = "<group>"; };
		200F15A91EA7060B00268240 /* ProfileImageTableViewCell.xib */ = {isa = PBXFileReference; fileEncoding = 4; lastKnownFileType = file.xib; name = ProfileImageTableViewCell.xib; path = Setting/ProfileImageTableViewCell.xib; sourceTree = "<group>"; };
		200F15AC1EA7075900268240 /* ProfileSettingTableViewCell.swift */ = {isa = PBXFileReference; fileEncoding = 4; lastKnownFileType = sourcecode.swift; name = ProfileSettingTableViewCell.swift; path = Setting/ProfileSettingTableViewCell.swift; sourceTree = "<group>"; };
		200F15AD1EA7075900268240 /* ProfileSettingTableViewCell.xib */ = {isa = PBXFileReference; fileEncoding = 4; lastKnownFileType = file.xib; name = ProfileSettingTableViewCell.xib; path = Setting/ProfileSettingTableViewCell.xib; sourceTree = "<group>"; };
		200F15B01EA7096300268240 /* PrivateSettingTableViewCell.swift */ = {isa = PBXFileReference; fileEncoding = 4; lastKnownFileType = sourcecode.swift; name = PrivateSettingTableViewCell.swift; path = Setting/PrivateSettingTableViewCell.swift; sourceTree = "<group>"; };
		200F15B11EA7096300268240 /* PrivateSettingTableViewCell.xib */ = {isa = PBXFileReference; fileEncoding = 4; lastKnownFileType = file.xib; name = PrivateSettingTableViewCell.xib; path = Setting/PrivateSettingTableViewCell.xib; sourceTree = "<group>"; };
		200F15B41EA70A0E00268240 /* ProfileSettingTableViewController.swift */ = {isa = PBXFileReference; fileEncoding = 4; lastKnownFileType = sourcecode.swift; path = ProfileSettingTableViewController.swift; sourceTree = "<group>"; };
		201978B21E80BAE20013FACE /* LetsDev.app */ = {isa = PBXFileReference; explicitFileType = wrapper.application; includeInIndex = 0; path = LetsDev.app; sourceTree = BUILT_PRODUCTS_DIR; };
		201978B51E80BAE20013FACE /* AppDelegate.swift */ = {isa = PBXFileReference; lastKnownFileType = sourcecode.swift; path = AppDelegate.swift; sourceTree = "<group>"; };
		201978BA1E80BAE20013FACE /* Base */ = {isa = PBXFileReference; lastKnownFileType = file.storyboard; name = Base; path = Base.lproj/Main.storyboard; sourceTree = "<group>"; };
		201978BD1E80BAE20013FACE /* LetsDev.xcdatamodel */ = {isa = PBXFileReference; lastKnownFileType = wrapper.xcdatamodel; path = LetsDev.xcdatamodel; sourceTree = "<group>"; };
		201978BF1E80BAE20013FACE /* Assets.xcassets */ = {isa = PBXFileReference; lastKnownFileType = folder.assetcatalog; path = Assets.xcassets; sourceTree = "<group>"; };
		201978C21E80BAE20013FACE /* Base */ = {isa = PBXFileReference; lastKnownFileType = file.storyboard; name = Base; path = Base.lproj/LaunchScreen.storyboard; sourceTree = "<group>"; };
		201978C41E80BAE20013FACE /* Info.plist */ = {isa = PBXFileReference; lastKnownFileType = text.plist.xml; path = Info.plist; sourceTree = "<group>"; };
		201978D51E80CFBE0013FACE /* NewDevViewController.swift */ = {isa = PBXFileReference; fileEncoding = 4; lastKnownFileType = sourcecode.swift; path = NewDevViewController.swift; sourceTree = "<group>"; };
		2030D5FA1E839262004E2C63 /* TimerViewController.swift */ = {isa = PBXFileReference; fileEncoding = 4; lastKnownFileType = sourcecode.swift; path = TimerViewController.swift; sourceTree = "<group>"; };
		205DC7651E8FF63B00A3E46E /* NewDevTableViewCell.swift */ = {isa = PBXFileReference; fileEncoding = 4; lastKnownFileType = sourcecode.swift; path = NewDevTableViewCell.swift; sourceTree = "<group>"; };
		205DC7661E8FF63B00A3E46E /* NewDevTableViewCell.xib */ = {isa = PBXFileReference; fileEncoding = 4; lastKnownFileType = file.xib; path = NewDevTableViewCell.xib; sourceTree = "<group>"; };
		205DC7671E8FF63B00A3E46E /* NewDevTableViewCellFilm.swift */ = {isa = PBXFileReference; fileEncoding = 4; lastKnownFileType = sourcecode.swift; path = NewDevTableViewCellFilm.swift; sourceTree = "<group>"; };
		205DC7681E8FF63B00A3E46E /* NewDevTableViewCellFilm.xib */ = {isa = PBXFileReference; fileEncoding = 4; lastKnownFileType = file.xib; path = NewDevTableViewCellFilm.xib; sourceTree = "<group>"; };
		205DC7691E8FF63B00A3E46E /* NewDevTableViewCellOneContent.swift */ = {isa = PBXFileReference; fileEncoding = 4; lastKnownFileType = sourcecode.swift; path = NewDevTableViewCellOneContent.swift; sourceTree = "<group>"; };
		205DC76A1E8FF63B00A3E46E /* NewDevTableViewCellOneContent.xib */ = {isa = PBXFileReference; fileEncoding = 4; lastKnownFileType = file.xib; path = NewDevTableViewCellOneContent.xib; sourceTree = "<group>"; };
		205DC76B1E8FF63B00A3E46E /* NewDevTableViewCellTwoContent.swift */ = {isa = PBXFileReference; fileEncoding = 4; lastKnownFileType = sourcecode.swift; path = NewDevTableViewCellTwoContent.swift; sourceTree = "<group>"; };
		205DC76C1E8FF63B00A3E46E /* NewDevTableViewCellTwoContent.xib */ = {isa = PBXFileReference; fileEncoding = 4; lastKnownFileType = file.xib; path = NewDevTableViewCellTwoContent.xib; sourceTree = "<group>"; };
		205DC76E1E8FF63B00A3E46E /* CombinationTableViewCell.swift */ = {isa = PBXFileReference; fileEncoding = 4; lastKnownFileType = sourcecode.swift; path = CombinationTableViewCell.swift; sourceTree = "<group>"; };
		205DC76F1E8FF63B00A3E46E /* CombinationTableViewCell.xib */ = {isa = PBXFileReference; fileEncoding = 4; lastKnownFileType = file.xib; path = CombinationTableViewCell.xib; sourceTree = "<group>"; };
		205DC7701E8FF63B00A3E46E /* NoteTableViewCell.swift */ = {isa = PBXFileReference; fileEncoding = 4; lastKnownFileType = sourcecode.swift; path = NoteTableViewCell.swift; sourceTree = "<group>"; };
		205DC7711E8FF63B00A3E46E /* NoteTableViewCell.xib */ = {isa = PBXFileReference; fileEncoding = 4; lastKnownFileType = file.xib; path = NoteTableViewCell.xib; sourceTree = "<group>"; };
		205DC7721E8FF63B00A3E46E /* PhotoCollectionViewCell.swift */ = {isa = PBXFileReference; fileEncoding = 4; lastKnownFileType = sourcecode.swift; path = PhotoCollectionViewCell.swift; sourceTree = "<group>"; };
		205DC7731E8FF63B00A3E46E /* PhotoCollectionViewCell.xib */ = {isa = PBXFileReference; fileEncoding = 4; lastKnownFileType = file.xib; path = PhotoCollectionViewCell.xib; sourceTree = "<group>"; };
		205DC7741E8FF63B00A3E46E /* PhotoTableViewCell.swift */ = {isa = PBXFileReference; fileEncoding = 4; lastKnownFileType = sourcecode.swift; path = PhotoTableViewCell.swift; sourceTree = "<group>"; };
		205DC7751E8FF63B00A3E46E /* PhotoTableViewCell.xib */ = {isa = PBXFileReference; fileEncoding = 4; lastKnownFileType = file.xib; path = PhotoTableViewCell.xib; sourceTree = "<group>"; };
		205DC7871E8FF99600A3E46E /* PersonalTableViewCell.swift */ = {isa = PBXFileReference; fileEncoding = 4; lastKnownFileType = sourcecode.swift; path = PersonalTableViewCell.swift; sourceTree = "<group>"; };
		205DC7881E8FF99600A3E46E /* PersonalTableViewCell.xib */ = {isa = PBXFileReference; fileEncoding = 4; lastKnownFileType = file.xib; path = PersonalTableViewCell.xib; sourceTree = "<group>"; };
		205DC78B1E8FFD4300A3E46E /* RecordListTableViewCell.swift */ = {isa = PBXFileReference; fileEncoding = 4; lastKnownFileType = sourcecode.swift; path = RecordListTableViewCell.swift; sourceTree = "<group>"; };
		205DC78C1E8FFD4300A3E46E /* RecordListTableViewCell.xib */ = {isa = PBXFileReference; fileEncoding = 4; lastKnownFileType = file.xib; path = RecordListTableViewCell.xib; sourceTree = "<group>"; };
		205DC78F1E902AC100A3E46E /* AlertNavigationController.swift */ = {isa = PBXFileReference; fileEncoding = 4; lastKnownFileType = sourcecode.swift; path = AlertNavigationController.swift; sourceTree = "<group>"; };
		205DC7911E902AE800A3E46E /* HomeNavigationController.swift */ = {isa = PBXFileReference; fileEncoding = 4; lastKnownFileType = sourcecode.swift; path = HomeNavigationController.swift; sourceTree = "<group>"; };
		205DC7971E91622200A3E46E /* PersonalTableViewController.swift */ = {isa = PBXFileReference; fileEncoding = 4; lastKnownFileType = sourcecode.swift; path = PersonalTableViewController.swift; sourceTree = "<group>"; };
		205DC7991E9200B300A3E46E /* Record.swift */ = {isa = PBXFileReference; fileEncoding = 4; lastKnownFileType = sourcecode.swift; path = Record.swift; sourceTree = "<group>"; };
		205DC79B1E92382B00A3E46E /* UserManager.swift */ = {isa = PBXFileReference; fileEncoding = 4; lastKnownFileType = sourcecode.swift; path = UserManager.swift; sourceTree = "<group>"; };
		205DC79F1E93840000A3E46E /* FavoriteManager.swift */ = {isa = PBXFileReference; fileEncoding = 4; lastKnownFileType = sourcecode.swift; path = FavoriteManager.swift; sourceTree = "<group>"; };
		205DC7A41E93ACFE00A3E46E /* FavoriteTableViewCell.swift */ = {isa = PBXFileReference; fileEncoding = 4; lastKnownFileType = sourcecode.swift; path = FavoriteTableViewCell.swift; sourceTree = "<group>"; };
		205DC7A51E93ACFE00A3E46E /* FavoriteTableViewCell.xib */ = {isa = PBXFileReference; fileEncoding = 4; lastKnownFileType = file.xib; path = FavoriteTableViewCell.xib; sourceTree = "<group>"; };
		205DC7A81E93B3B200A3E46E /* FavoriteTableViewController.swift */ = {isa = PBXFileReference; fileEncoding = 4; lastKnownFileType = sourcecode.swift; path = FavoriteTableViewController.swift; sourceTree = "<group>"; };
		205DC7AE1E94ED7100A3E46E /* CreateUserViewController.swift */ = {isa = PBXFileReference; fileEncoding = 4; lastKnownFileType = sourcecode.swift; path = CreateUserViewController.swift; sourceTree = "<group>"; };
		205DC7B01E94EFD000A3E46E /* UsernameViewController.swift */ = {isa = PBXFileReference; fileEncoding = 4; lastKnownFileType = sourcecode.swift; path = UsernameViewController.swift; sourceTree = "<group>"; };
		205DC7B21E94F11500A3E46E /* UserPhotoViewController.swift */ = {isa = PBXFileReference; fileEncoding = 4; lastKnownFileType = sourcecode.swift; path = UserPhotoViewController.swift; sourceTree = "<group>"; };
		206E3CB11E8BA32E00DB33DD /* LoginManager.swift */ = {isa = PBXFileReference; fileEncoding = 4; lastKnownFileType = sourcecode.swift; path = LoginManager.swift; sourceTree = "<group>"; };
		206E3CB31E8BA36300DB33DD /* User.swift */ = {isa = PBXFileReference; fileEncoding = 4; lastKnownFileType = sourcecode.swift; path = User.swift; sourceTree = "<group>"; };
		206E3CB51E8BB36800DB33DD /* RecordManager.swift */ = {isa = PBXFileReference; fileEncoding = 4; lastKnownFileType = sourcecode.swift; path = RecordManager.swift; sourceTree = "<group>"; };
		2083ABC31E99D9BB00AB0B5A /* LogInViewController.swift */ = {isa = PBXFileReference; fileEncoding = 4; lastKnownFileType = sourcecode.swift; path = LogInViewController.swift; sourceTree = "<group>"; };
		2083ABC61E99EB7100AB0B5A /* ErrorHandler.swift */ = {isa = PBXFileReference; fileEncoding = 4; lastKnownFileType = sourcecode.swift; path = ErrorHandler.swift; sourceTree = "<group>"; };
		2083ABC81E9A1E4900AB0B5A /* CommunityManager.swift */ = {isa = PBXFileReference; fileEncoding = 4; lastKnownFileType = sourcecode.swift; path = CommunityManager.swift; sourceTree = "<group>"; };
		2083ABCA1E9A30EE00AB0B5A /* ShareNewPostViewController.swift */ = {isa = PBXFileReference; fileEncoding = 4; lastKnownFileType = sourcecode.swift; path = ShareNewPostViewController.swift; sourceTree = "<group>"; };
		2083ABCC1E9A457B00AB0B5A /* SharedPost.swift */ = {isa = PBXFileReference; fileEncoding = 4; lastKnownFileType = sourcecode.swift; path = SharedPost.swift; sourceTree = "<group>"; };
		2084E2DB1E954D6A00EE06DA /* SignUpViewController.swift */ = {isa = PBXFileReference; fileEncoding = 4; lastKnownFileType = sourcecode.swift; path = SignUpViewController.swift; sourceTree = "<group>"; };
		2084E2DF1E9604AD00EE06DA /* fontawesome-webfont.ttf */ = {isa = PBXFileReference; lastKnownFileType = file; path = "fontawesome-webfont.ttf"; sourceTree = "<group>"; };
		20892FC11E812D9B00369946 /* DevProcess.swift */ = {isa = PBXFileReference; fileEncoding = 4; lastKnownFileType = sourcecode.swift; path = DevProcess.swift; sourceTree = "<group>"; };
		20892FC41E819B6200369946 /* Color.swift */ = {isa = PBXFileReference; fileEncoding = 4; lastKnownFileType = sourcecode.swift; path = Color.swift; sourceTree = "<group>"; };
		20892FC61E821A0700369946 /* Combination.swift */ = {isa = PBXFileReference; fileEncoding = 4; lastKnownFileType = sourcecode.swift; path = Combination.swift; sourceTree = "<group>"; };
		20892FCC1E8223FB00369946 /* Film.swift */ = {isa = PBXFileReference; fileEncoding = 4; lastKnownFileType = sourcecode.swift; path = Film.swift; sourceTree = "<group>"; };
		20892FCE1E827C0C00369946 /* TTInputButton.swift */ = {isa = PBXFileReference; fileEncoding = 4; lastKnownFileType = sourcecode.swift; path = TTInputButton.swift; sourceTree = "<group>"; };
		20C388861EB1A6DA0091FA4E /* PrivacyViewController.swift */ = {isa = PBXFileReference; fileEncoding = 4; lastKnownFileType = sourcecode.swift; path = PrivacyViewController.swift; sourceTree = "<group>"; };
		20C388881EB1BC520091FA4E /* PrivacyPolicyViewController.swift */ = {isa = PBXFileReference; fileEncoding = 4; lastKnownFileType = sourcecode.swift; path = PrivacyPolicyViewController.swift; sourceTree = "<group>"; };
		20C3888A1EB1BEEC0091FA4E /* MessageUI.framework */ = {isa = PBXFileReference; lastKnownFileType = wrapper.framework; name = MessageUI.framework; path = System/Library/Frameworks/MessageUI.framework; sourceTree = SDKROOT; };
		20E6C6FC1E9B833C0021F1DB /* HomePageTableViewCell.swift */ = {isa = PBXFileReference; fileEncoding = 4; lastKnownFileType = sourcecode.swift; path = HomePageTableViewCell.swift; sourceTree = "<group>"; };
		20E6C6FD1E9B833C0021F1DB /* HomePageTableViewCell.xib */ = {isa = PBXFileReference; fileEncoding = 4; lastKnownFileType = file.xib; path = HomePageTableViewCell.xib; sourceTree = "<group>"; };
		20E6C7001E9C76870021F1DB /* HomeTableViewController.swift */ = {isa = PBXFileReference; fileEncoding = 4; lastKnownFileType = sourcecode.swift; path = HomeTableViewController.swift; sourceTree = "<group>"; };
		20EDD1011EA609E6000AD79B /* SettingsTableViewController.swift */ = {isa = PBXFileReference; fileEncoding = 4; lastKnownFileType = sourcecode.swift; path = SettingsTableViewController.swift; sourceTree = "<group>"; };
		20EDD1041EA618E8000AD79B /* SettingTableViewCell.swift */ = {isa = PBXFileReference; fileEncoding = 4; lastKnownFileType = sourcecode.swift; path = SettingTableViewCell.swift; sourceTree = "<group>"; };
		20EDD1051EA618E8000AD79B /* SettingTableViewCell.xib */ = {isa = PBXFileReference; fileEncoding = 4; lastKnownFileType = file.xib; path = SettingTableViewCell.xib; sourceTree = "<group>"; };
		20EF0E261E9DF52600943761 /* CommentTableViewController.swift */ = {isa = PBXFileReference; fileEncoding = 4; lastKnownFileType = sourcecode.swift; path = CommentTableViewController.swift; sourceTree = "<group>"; };
		20EF0E281E9DF75400943761 /* CommentDetailTableViewCell.swift */ = {isa = PBXFileReference; fileEncoding = 4; lastKnownFileType = sourcecode.swift; path = CommentDetailTableViewCell.swift; sourceTree = "<group>"; };
		20EF0E291E9DF75400943761 /* CommentDetailTableViewCell.xib */ = {isa = PBXFileReference; fileEncoding = 4; lastKnownFileType = file.xib; path = CommentDetailTableViewCell.xib; sourceTree = "<group>"; };
		20EF0E2C1E9E0E1200943761 /* DetailTableViewCell.swift */ = {isa = PBXFileReference; fileEncoding = 4; lastKnownFileType = sourcecode.swift; path = DetailTableViewCell.swift; sourceTree = "<group>"; };
		20EF0E2D1E9E0E1200943761 /* DetailTableViewCell.xib */ = {isa = PBXFileReference; fileEncoding = 4; lastKnownFileType = file.xib; path = DetailTableViewCell.xib; sourceTree = "<group>"; };
		20EF0E301E9E0E9700943761 /* ButtonsTableViewCell.swift */ = {isa = PBXFileReference; fileEncoding = 4; lastKnownFileType = sourcecode.swift; path = ButtonsTableViewCell.swift; sourceTree = "<group>"; };
		20EF0E311E9E0E9700943761 /* ButtonsTableViewCell.xib */ = {isa = PBXFileReference; fileEncoding = 4; lastKnownFileType = file.xib; path = ButtonsTableViewCell.xib; sourceTree = "<group>"; };
		20EF0E341E9E10D800943761 /* CommentsTableViewCell.swift */ = {isa = PBXFileReference; fileEncoding = 4; lastKnownFileType = sourcecode.swift; path = CommentsTableViewCell.swift; sourceTree = "<group>"; };
		20EF0E351E9E10D800943761 /* CommentsTableViewCell.xib */ = {isa = PBXFileReference; fileEncoding = 4; lastKnownFileType = file.xib; path = CommentsTableViewCell.xib; sourceTree = "<group>"; };
		20EF0E381E9F166C00943761 /* Comment.swift */ = {isa = PBXFileReference; fileEncoding = 4; lastKnownFileType = sourcecode.swift; path = Comment.swift; sourceTree = "<group>"; };
		20EF0E3C1E9F7D9000943761 /* InputTableViewCell.swift */ = {isa = PBXFileReference; fileEncoding = 4; lastKnownFileType = sourcecode.swift; path = InputTableViewCell.swift; sourceTree = "<group>"; };
		20EF0E3D1E9F7D9000943761 /* InputTableViewCell.xib */ = {isa = PBXFileReference; fileEncoding = 4; lastKnownFileType = file.xib; path = InputTableViewCell.xib; sourceTree = "<group>"; };
		20F056701EA9F5FF00C597B2 /* PasswordSettingTableViewController.swift */ = {isa = PBXFileReference; fileEncoding = 4; lastKnownFileType = sourcecode.swift; path = PasswordSettingTableViewController.swift; sourceTree = "<group>"; };
		20F056761EAA0C9700C597B2 /* PasswordSettingTableViewCell.swift */ = {isa = PBXFileReference; fileEncoding = 4; lastKnownFileType = sourcecode.swift; name = PasswordSettingTableViewCell.swift; path = Setting/PasswordSettingTableViewCell.swift; sourceTree = "<group>"; };
		20F056771EAA0C9700C597B2 /* PasswordSettingTableViewCell.xib */ = {isa = PBXFileReference; fileEncoding = 4; lastKnownFileType = file.xib; name = PasswordSettingTableViewCell.xib; path = Setting/PasswordSettingTableViewCell.xib; sourceTree = "<group>"; };
		20F322DE1E8E1B59008605FE /* NoteViewController.swift */ = {isa = PBXFileReference; fileEncoding = 4; lastKnownFileType = sourcecode.swift; path = NoteViewController.swift; sourceTree = "<group>"; };
		20F322E01E8FA82A008605FE /* TabBarController.swift */ = {isa = PBXFileReference; fileEncoding = 4; lastKnownFileType = sourcecode.swift; path = TabBarController.swift; sourceTree = "<group>"; };
		20F322E61E8FAFF1008605FE /* PersonalNavigationController.swift */ = {isa = PBXFileReference; fileEncoding = 4; lastKnownFileType = sourcecode.swift; path = PersonalNavigationController.swift; sourceTree = "<group>"; };
		20F322E81E8FB003008605FE /* FavoriteNavigationController.swift */ = {isa = PBXFileReference; fileEncoding = 4; lastKnownFileType = sourcecode.swift; path = FavoriteNavigationController.swift; sourceTree = "<group>"; };
		20F322EA1E8FB080008605FE /* NewDevNavigationController.swift */ = {isa = PBXFileReference; fileEncoding = 4; lastKnownFileType = sourcecode.swift; path = NewDevNavigationController.swift; sourceTree = "<group>"; };
		B4C9D9118AFE53887E4B623F /* Pods-LetsDev.debug.xcconfig */ = {isa = PBXFileReference; includeInIndex = 1; lastKnownFileType = text.xcconfig; name = "Pods-LetsDev.debug.xcconfig"; path = "Pods/Target Support Files/Pods-LetsDev/Pods-LetsDev.debug.xcconfig"; sourceTree = "<group>"; };
		DD5025F6EEDEA83A6E3AA888 /* Pods_LetsDev.framework */ = {isa = PBXFileReference; explicitFileType = wrapper.framework; includeInIndex = 0; path = Pods_LetsDev.framework; sourceTree = BUILT_PRODUCTS_DIR; };
/* End PBXFileReference section */

/* Begin PBXFrameworksBuildPhase section */
		201978AF1E80BAE20013FACE /* Frameworks */ = {
			isa = PBXFrameworksBuildPhase;
			buildActionMask = 2147483647;
			files = (
				20C3888B1EB1BEEC0091FA4E /* MessageUI.framework in Frameworks */,
				E4F1FE23674C8589E00ACF52 /* Pods_LetsDev.framework in Frameworks */,
			);
			runOnlyForDeploymentPostprocessing = 0;
		};
/* End PBXFrameworksBuildPhase section */

/* Begin PBXGroup section */
		201978A91E80BAE20013FACE = {
			isa = PBXGroup;
			children = (
				201978B41E80BAE20013FACE /* LetsDev */,
				201978B31E80BAE20013FACE /* Products */,
				C35FCE0862AF92CDAA79363A /* Pods */,
				A322150B5658DCF6C41AF1BA /* Frameworks */,
			);
			sourceTree = "<group>";
		};
		201978B31E80BAE20013FACE /* Products */ = {
			isa = PBXGroup;
			children = (
				201978B21E80BAE20013FACE /* LetsDev.app */,
			);
			name = Products;
			sourceTree = "<group>";
		};
		201978B41E80BAE20013FACE /* LetsDev */ = {
			isa = PBXGroup;
			children = (
				201978B51E80BAE20013FACE /* AppDelegate.swift */,
				201978B91E80BAE20013FACE /* Main.storyboard */,
				201978BF1E80BAE20013FACE /* Assets.xcassets */,
				201978C11E80BAE20013FACE /* LaunchScreen.storyboard */,
				201978C41E80BAE20013FACE /* Info.plist */,
				2002AECE1E83D54300E21EA5 /* GoogleService-Info.plist */,
				2084E2DF1E9604AD00EE06DA /* fontawesome-webfont.ttf */,
				201978BC1E80BAE20013FACE /* LetsDev.xcdatamodeld */,
				200F159A1EA65DA500268240 /* IMG_1777.jpg */,
				201978D21E80CFAD0013FACE /* Modal */,
				201978D31E80CFAD0013FACE /* View */,
				201978D41E80CFAD0013FACE /* ViewController */,
				20892FC31E819B5200369946 /* Constants */,
			);
			path = LetsDev;
			sourceTree = "<group>";
		};
		201978D21E80CFAD0013FACE /* Modal */ = {
			isa = PBXGroup;
			children = (
				206E3CB11E8BA32E00DB33DD /* LoginManager.swift */,
				205DC79B1E92382B00A3E46E /* UserManager.swift */,
				206E3CB51E8BB36800DB33DD /* RecordManager.swift */,
				205DC79F1E93840000A3E46E /* FavoriteManager.swift */,
				2083ABC81E9A1E4900AB0B5A /* CommunityManager.swift */,
				20892FC11E812D9B00369946 /* DevProcess.swift */,
				20892FC61E821A0700369946 /* Combination.swift */,
				206E3CB31E8BA36300DB33DD /* User.swift */,
				205DC7991E9200B300A3E46E /* Record.swift */,
				2083ABC61E99EB7100AB0B5A /* ErrorHandler.swift */,
				2083ABCC1E9A457B00AB0B5A /* SharedPost.swift */,
				20EF0E381E9F166C00943761 /* Comment.swift */,
			);
			path = Modal;
			sourceTree = "<group>";
		};
		201978D31E80CFAD0013FACE /* View */ = {
			isa = PBXGroup;
			children = (
				20EDD1031EA618D0000AD79B /* Setting */,
				20892FCE1E827C0C00369946 /* TTInputButton.swift */,
				205DC7A31E93AC1C00A3E46E /* Favorite */,
				205DC7641E8FF63B00A3E46E /* NewDev */,
				205DC76D1E8FF63B00A3E46E /* Record */,
				205DC7861E8FF96900A3E46E /* Personal */,
				20E6C6FB1E9B83120021F1DB /* Community */,
			);
			path = View;
			sourceTree = "<group>";
		};
		201978D41E80CFAD0013FACE /* ViewController */ = {
			isa = PBXGroup;
			children = (
				205DC7AB1E94ED4F00A3E46E /* SignUp */,
				20F322EC1E8FBD83008605FE /* Navigation */,
				20F322E01E8FA82A008605FE /* TabBarController.swift */,
				201978D51E80CFBE0013FACE /* NewDevViewController.swift */,
				2030D5FA1E839262004E2C63 /* TimerViewController.swift */,
				2002AED01E84B8A800E21EA5 /* RecordTableViewController.swift */,
				2083ABCA1E9A30EE00AB0B5A /* ShareNewPostViewController.swift */,
				20F322DE1E8E1B59008605FE /* NoteViewController.swift */,
				205DC7971E91622200A3E46E /* PersonalTableViewController.swift */,
				205DC7A81E93B3B200A3E46E /* FavoriteTableViewController.swift */,
				20E6C7001E9C76870021F1DB /* HomeTableViewController.swift */,
				20EF0E261E9DF52600943761 /* CommentTableViewController.swift */,
				20EDD1011EA609E6000AD79B /* SettingsTableViewController.swift */,
				200F15B41EA70A0E00268240 /* ProfileSettingTableViewController.swift */,
				200F159E1EA7008100268240 /* AccountSettingTableViewController.swift */,
				20F056701EA9F5FF00C597B2 /* PasswordSettingTableViewController.swift */,
				20C388881EB1BC520091FA4E /* PrivacyPolicyViewController.swift */,
			);
			path = ViewController;
			sourceTree = "<group>";
		};
		205DC7641E8FF63B00A3E46E /* NewDev */ = {
			isa = PBXGroup;
			children = (
				205DC7651E8FF63B00A3E46E /* NewDevTableViewCell.swift */,
				205DC7661E8FF63B00A3E46E /* NewDevTableViewCell.xib */,
				205DC7671E8FF63B00A3E46E /* NewDevTableViewCellFilm.swift */,
				205DC7681E8FF63B00A3E46E /* NewDevTableViewCellFilm.xib */,
				205DC7691E8FF63B00A3E46E /* NewDevTableViewCellOneContent.swift */,
				205DC76A1E8FF63B00A3E46E /* NewDevTableViewCellOneContent.xib */,
				205DC76B1E8FF63B00A3E46E /* NewDevTableViewCellTwoContent.swift */,
				205DC76C1E8FF63B00A3E46E /* NewDevTableViewCellTwoContent.xib */,
			);
			path = NewDev;
			sourceTree = "<group>";
		};
		205DC76D1E8FF63B00A3E46E /* Record */ = {
			isa = PBXGroup;
			children = (
				205DC76E1E8FF63B00A3E46E /* CombinationTableViewCell.swift */,
				205DC76F1E8FF63B00A3E46E /* CombinationTableViewCell.xib */,
				205DC7701E8FF63B00A3E46E /* NoteTableViewCell.swift */,
				205DC7711E8FF63B00A3E46E /* NoteTableViewCell.xib */,
				205DC7721E8FF63B00A3E46E /* PhotoCollectionViewCell.swift */,
				205DC7731E8FF63B00A3E46E /* PhotoCollectionViewCell.xib */,
				205DC7741E8FF63B00A3E46E /* PhotoTableViewCell.swift */,
				205DC7751E8FF63B00A3E46E /* PhotoTableViewCell.xib */,
			);
			path = Record;
			sourceTree = "<group>";
		};
		205DC7861E8FF96900A3E46E /* Personal */ = {
			isa = PBXGroup;
			children = (
				205DC7871E8FF99600A3E46E /* PersonalTableViewCell.swift */,
				205DC7881E8FF99600A3E46E /* PersonalTableViewCell.xib */,
				205DC78B1E8FFD4300A3E46E /* RecordListTableViewCell.swift */,
				205DC78C1E8FFD4300A3E46E /* RecordListTableViewCell.xib */,
			);
			path = Personal;
			sourceTree = "<group>";
		};
		205DC7A31E93AC1C00A3E46E /* Favorite */ = {
			isa = PBXGroup;
			children = (
				205DC7A41E93ACFE00A3E46E /* FavoriteTableViewCell.swift */,
				205DC7A51E93ACFE00A3E46E /* FavoriteTableViewCell.xib */,
			);
			path = Favorite;
			sourceTree = "<group>";
		};
		205DC7AB1E94ED4F00A3E46E /* SignUp */ = {
			isa = PBXGroup;
			children = (
				20C388861EB1A6DA0091FA4E /* PrivacyViewController.swift */,
				2084E2DB1E954D6A00EE06DA /* SignUpViewController.swift */,
				205DC7AE1E94ED7100A3E46E /* CreateUserViewController.swift */,
				205DC7B01E94EFD000A3E46E /* UsernameViewController.swift */,
				205DC7B21E94F11500A3E46E /* UserPhotoViewController.swift */,
				2083ABC31E99D9BB00AB0B5A /* LogInViewController.swift */,
			);
			path = SignUp;
			sourceTree = "<group>";
		};
		20892FC31E819B5200369946 /* Constants */ = {
			isa = PBXGroup;
			children = (
				20892FC41E819B6200369946 /* Color.swift */,
				20892FCC1E8223FB00369946 /* Film.swift */,
				2002AEE21E8A6CF300E21EA5 /* CollectionHeight.swift */,
			);
			path = Constants;
			sourceTree = "<group>";
		};
		20E6C6FB1E9B83120021F1DB /* Community */ = {
			isa = PBXGroup;
			children = (
				20E6C6FC1E9B833C0021F1DB /* HomePageTableViewCell.swift */,
				20E6C6FD1E9B833C0021F1DB /* HomePageTableViewCell.xib */,
				20EF0E281E9DF75400943761 /* CommentDetailTableViewCell.swift */,
				20EF0E291E9DF75400943761 /* CommentDetailTableViewCell.xib */,
				20EF0E2C1E9E0E1200943761 /* DetailTableViewCell.swift */,
				20EF0E2D1E9E0E1200943761 /* DetailTableViewCell.xib */,
				20EF0E301E9E0E9700943761 /* ButtonsTableViewCell.swift */,
				20EF0E311E9E0E9700943761 /* ButtonsTableViewCell.xib */,
				20EF0E341E9E10D800943761 /* CommentsTableViewCell.swift */,
				20EF0E351E9E10D800943761 /* CommentsTableViewCell.xib */,
				20EF0E3C1E9F7D9000943761 /* InputTableViewCell.swift */,
				20EF0E3D1E9F7D9000943761 /* InputTableViewCell.xib */,
			);
			path = Community;
			sourceTree = "<group>";
		};
		20EDD1031EA618D0000AD79B /* Setting */ = {
			isa = PBXGroup;
			children = (
				20EDD1041EA618E8000AD79B /* SettingTableViewCell.swift */,
				20EDD1051EA618E8000AD79B /* SettingTableViewCell.xib */,
				200F15A81EA7060B00268240 /* ProfileImageTableViewCell.swift */,
				200F15A91EA7060B00268240 /* ProfileImageTableViewCell.xib */,
				200F15AC1EA7075900268240 /* ProfileSettingTableViewCell.swift */,
				200F15AD1EA7075900268240 /* ProfileSettingTableViewCell.xib */,
				200F15B01EA7096300268240 /* PrivateSettingTableViewCell.swift */,
				200F15B11EA7096300268240 /* PrivateSettingTableViewCell.xib */,
				20F056761EAA0C9700C597B2 /* PasswordSettingTableViewCell.swift */,
				20F056771EAA0C9700C597B2 /* PasswordSettingTableViewCell.xib */,
			);
			name = Setting;
			sourceTree = "<group>";
		};
		20F322EC1E8FBD83008605FE /* Navigation */ = {
			isa = PBXGroup;
			children = (
				20F322E61E8FAFF1008605FE /* PersonalNavigationController.swift */,
				20F322E81E8FB003008605FE /* FavoriteNavigationController.swift */,
				20F322EA1E8FB080008605FE /* NewDevNavigationController.swift */,
				205DC78F1E902AC100A3E46E /* AlertNavigationController.swift */,
				205DC7911E902AE800A3E46E /* HomeNavigationController.swift */,
			);
			name = Navigation;
			sourceTree = "<group>";
		};
		A322150B5658DCF6C41AF1BA /* Frameworks */ = {
			isa = PBXGroup;
			children = (
				20C3888A1EB1BEEC0091FA4E /* MessageUI.framework */,
				DD5025F6EEDEA83A6E3AA888 /* Pods_LetsDev.framework */,
			);
			name = Frameworks;
			sourceTree = "<group>";
		};
		C35FCE0862AF92CDAA79363A /* Pods */ = {
			isa = PBXGroup;
			children = (
				B4C9D9118AFE53887E4B623F /* Pods-LetsDev.debug.xcconfig */,
				01A593E4A91523410B938F6A /* Pods-LetsDev.release.xcconfig */,
			);
			name = Pods;
			sourceTree = "<group>";
		};
/* End PBXGroup section */

/* Begin PBXNativeTarget section */
		201978B11E80BAE20013FACE /* LetsDev */ = {
			isa = PBXNativeTarget;
			buildConfigurationList = 201978C71E80BAE20013FACE /* Build configuration list for PBXNativeTarget "LetsDev" */;
			buildPhases = (
				54372547FCCA18FB5425FE31 /* [CP] Check Pods Manifest.lock */,
				201978AE1E80BAE20013FACE /* Sources */,
				201978AF1E80BAE20013FACE /* Frameworks */,
				201978B01E80BAE20013FACE /* Resources */,
				201978CA1E80CA7B0013FACE /* Run Swiftlint */,
				F55A50C42BB17EF30594F745 /* [CP] Embed Pods Frameworks */,
				1A5E8916BC080072DA44C1E3 /* [CP] Copy Pods Resources */,
				203793E51EAEFF6500210B71 /* Crashlytics */,
			);
			buildRules = (
			);
			dependencies = (
			);
			name = LetsDev;
			productName = LetsDev;
			productReference = 201978B21E80BAE20013FACE /* LetsDev.app */;
			productType = "com.apple.product-type.application";
		};
/* End PBXNativeTarget section */

/* Begin PBXProject section */
		201978AA1E80BAE20013FACE /* Project object */ = {
			isa = PBXProject;
			attributes = {
				LastSwiftUpdateCheck = 0820;
				LastUpgradeCheck = 0820;
				ORGANIZATIONNAME = "劉仲軒";
				TargetAttributes = {
					201978B11E80BAE20013FACE = {
						CreatedOnToolsVersion = 8.2.1;
						DevelopmentTeam = D3SFCFQ6Q5;
						ProvisioningStyle = Automatic;
						SystemCapabilities = {
							com.apple.BackgroundModes = {
								enabled = 0;
							};
						};
					};
				};
			};
			buildConfigurationList = 201978AD1E80BAE20013FACE /* Build configuration list for PBXProject "LetsDev" */;
			compatibilityVersion = "Xcode 3.2";
			developmentRegion = English;
			hasScannedForEncodings = 0;
			knownRegions = (
				en,
				Base,
			);
			mainGroup = 201978A91E80BAE20013FACE;
			productRefGroup = 201978B31E80BAE20013FACE /* Products */;
			projectDirPath = "";
			projectRoot = "";
			targets = (
				201978B11E80BAE20013FACE /* LetsDev */,
			);
		};
/* End PBXProject section */

/* Begin PBXResourcesBuildPhase section */
		201978B01E80BAE20013FACE /* Resources */ = {
			isa = PBXResourcesBuildPhase;
			buildActionMask = 2147483647;
			files = (
				20EF0E3F1E9F7D9000943761 /* InputTableViewCell.xib in Resources */,
				2084E2E01E9606E300EE06DA /* fontawesome-webfont.ttf in Resources */,
				205DC7851E8FF63B00A3E46E /* PhotoTableViewCell.xib in Resources */,
				20EDD1071EA618E8000AD79B /* SettingTableViewCell.xib in Resources */,
				200F15AB1EA7060B00268240 /* ProfileImageTableViewCell.xib in Resources */,
				201978C31E80BAE20013FACE /* LaunchScreen.storyboard in Resources */,
				205DC7A71E93ACFE00A3E46E /* FavoriteTableViewCell.xib in Resources */,
				20EF0E2F1E9E0E1200943761 /* DetailTableViewCell.xib in Resources */,
				205DC77D1E8FF63B00A3E46E /* NewDevTableViewCellTwoContent.xib in Resources */,
				205DC78A1E8FF99600A3E46E /* PersonalTableViewCell.xib in Resources */,
				200F159B1EA65DA500268240 /* IMG_1777.jpg in Resources */,
				2002AECF1E83D54300E21EA5 /* GoogleService-Info.plist in Resources */,
				205DC7811E8FF63B00A3E46E /* NoteTableViewCell.xib in Resources */,
				201978C01E80BAE20013FACE /* Assets.xcassets in Resources */,
				205DC7771E8FF63B00A3E46E /* NewDevTableViewCell.xib in Resources */,
				205DC7791E8FF63B00A3E46E /* NewDevTableViewCellFilm.xib in Resources */,
				20E6C6FF1E9B833C0021F1DB /* HomePageTableViewCell.xib in Resources */,
				200F15AF1EA7075900268240 /* ProfileSettingTableViewCell.xib in Resources */,
				205DC77B1E8FF63B00A3E46E /* NewDevTableViewCellOneContent.xib in Resources */,
				20F056791EAA0C9700C597B2 /* PasswordSettingTableViewCell.xib in Resources */,
				200F15B31EA7096300268240 /* PrivateSettingTableViewCell.xib in Resources */,
				205DC78E1E8FFD4300A3E46E /* RecordListTableViewCell.xib in Resources */,
				20EF0E2B1E9DF75400943761 /* CommentDetailTableViewCell.xib in Resources */,
				205DC77F1E8FF63B00A3E46E /* CombinationTableViewCell.xib in Resources */,
				205DC7831E8FF63B00A3E46E /* PhotoCollectionViewCell.xib in Resources */,
				201978BB1E80BAE20013FACE /* Main.storyboard in Resources */,
				20EF0E331E9E0E9700943761 /* ButtonsTableViewCell.xib in Resources */,
				20EF0E371E9E10D800943761 /* CommentsTableViewCell.xib in Resources */,
			);
			runOnlyForDeploymentPostprocessing = 0;
		};
/* End PBXResourcesBuildPhase section */

/* Begin PBXShellScriptBuildPhase section */
		1A5E8916BC080072DA44C1E3 /* [CP] Copy Pods Resources */ = {
			isa = PBXShellScriptBuildPhase;
			buildActionMask = 2147483647;
			files = (
			);
			inputPaths = (
			);
			name = "[CP] Copy Pods Resources";
			outputPaths = (
			);
			runOnlyForDeploymentPostprocessing = 0;
			shellPath = /bin/sh;
			shellScript = "\"${SRCROOT}/Pods/Target Support Files/Pods-LetsDev/Pods-LetsDev-resources.sh\"\n";
			showEnvVarsInLog = 0;
		};
		201978CA1E80CA7B0013FACE /* Run Swiftlint */ = {
			isa = PBXShellScriptBuildPhase;
			buildActionMask = 2147483647;
			files = (
			);
			inputPaths = (
			);
			name = "Run Swiftlint";
			outputPaths = (
			);
			runOnlyForDeploymentPostprocessing = 0;
			shellPath = /bin/sh;
			shellScript = "if which swiftlint >/dev/null; then\n    swiftlint\nelse\n    echo \"warning: SwiftLint not installed, download from https://github.com/realm/SwiftLint\"\nfi";
		};
		203793E51EAEFF6500210B71 /* Crashlytics */ = {
			isa = PBXShellScriptBuildPhase;
			buildActionMask = 2147483647;
			files = (
			);
			inputPaths = (
			);
			name = Crashlytics;
			outputPaths = (
			);
			runOnlyForDeploymentPostprocessing = 0;
			shellPath = /bin/sh;
			shellScript = "\"${PODS_ROOT}/Fabric/run\" 2d178452bb6c172cc052578b18d1ea2cd68f3537 020b342b57a78b6972709d98e01ed28107e8c6d3233a9685b9bf244ffc221138";
		};
		54372547FCCA18FB5425FE31 /* [CP] Check Pods Manifest.lock */ = {
			isa = PBXShellScriptBuildPhase;
			buildActionMask = 2147483647;
			files = (
			);
			inputPaths = (
			);
			name = "[CP] Check Pods Manifest.lock";
			outputPaths = (
			);
			runOnlyForDeploymentPostprocessing = 0;
			shellPath = /bin/sh;
			shellScript = "diff \"${PODS_PODFILE_DIR_PATH}/Podfile.lock\" \"${PODS_ROOT}/Manifest.lock\" > /dev/null\nif [ $? != 0 ] ; then\n    # print error to STDERR\n    echo \"error: The sandbox is not in sync with the Podfile.lock. Run 'pod install' or update your CocoaPods installation.\" >&2\n    exit 1\nfi\n";
			showEnvVarsInLog = 0;
		};
		F55A50C42BB17EF30594F745 /* [CP] Embed Pods Frameworks */ = {
			isa = PBXShellScriptBuildPhase;
			buildActionMask = 2147483647;
			files = (
			);
			inputPaths = (
			);
			name = "[CP] Embed Pods Frameworks";
			outputPaths = (
			);
			runOnlyForDeploymentPostprocessing = 0;
			shellPath = /bin/sh;
			shellScript = "\"${SRCROOT}/Pods/Target Support Files/Pods-LetsDev/Pods-LetsDev-frameworks.sh\"\n";
			showEnvVarsInLog = 0;
		};
/* End PBXShellScriptBuildPhase section */

/* Begin PBXSourcesBuildPhase section */
		201978AE1E80BAE20013FACE /* Sources */ = {
			isa = PBXSourcesBuildPhase;
			buildActionMask = 2147483647;
			files = (
				20F056781EAA0C9700C597B2 /* PasswordSettingTableViewCell.swift in Sources */,
				206E3CB21E8BA32E00DB33DD /* LoginManager.swift in Sources */,
				20E6C6FE1E9B833C0021F1DB /* HomePageTableViewCell.swift in Sources */,
				200F15B21EA7096300268240 /* PrivateSettingTableViewCell.swift in Sources */,
				205DC7981E91622200A3E46E /* PersonalTableViewController.swift in Sources */,
				205DC7AF1E94ED7100A3E46E /* CreateUserViewController.swift in Sources */,
				205DC79C1E92382B00A3E46E /* UserManager.swift in Sources */,
				2084E2DC1E954D6A00EE06DA /* SignUpViewController.swift in Sources */,
				20892FC71E821A0700369946 /* Combination.swift in Sources */,
				205DC7891E8FF99600A3E46E /* PersonalTableViewCell.swift in Sources */,
				2083ABCB1E9A30EE00AB0B5A /* ShareNewPostViewController.swift in Sources */,
				20C388871EB1A6DA0091FA4E /* PrivacyViewController.swift in Sources */,
				2083ABCD1E9A457B00AB0B5A /* SharedPost.swift in Sources */,
				20892FCF1E827C0C00369946 /* TTInputButton.swift in Sources */,
				200F15B51EA70A0E00268240 /* ProfileSettingTableViewController.swift in Sources */,
				20E6C7011E9C76870021F1DB /* HomeTableViewController.swift in Sources */,
				20EDD1061EA618E8000AD79B /* SettingTableViewCell.swift in Sources */,
				201978BE1E80BAE20013FACE /* LetsDev.xcdatamodeld in Sources */,
				20C388891EB1BC520091FA4E /* PrivacyPolicyViewController.swift in Sources */,
				20892FC21E812D9B00369946 /* DevProcess.swift in Sources */,
				205DC77A1E8FF63B00A3E46E /* NewDevTableViewCellOneContent.swift in Sources */,
				205DC7A61E93ACFE00A3E46E /* FavoriteTableViewCell.swift in Sources */,
				206E3CB61E8BB36800DB33DD /* RecordManager.swift in Sources */,
				205DC7921E902AE800A3E46E /* HomeNavigationController.swift in Sources */,
				205DC77C1E8FF63B00A3E46E /* NewDevTableViewCellTwoContent.swift in Sources */,
				20EF0E391E9F166C00943761 /* Comment.swift in Sources */,
				20EDD1021EA609E6000AD79B /* SettingsTableViewController.swift in Sources */,
				201978D61E80CFBE0013FACE /* NewDevViewController.swift in Sources */,
				206E3CB41E8BA36300DB33DD /* User.swift in Sources */,
				205DC77E1E8FF63B00A3E46E /* CombinationTableViewCell.swift in Sources */,
				20F056711EA9F60000C597B2 /* PasswordSettingTableViewController.swift in Sources */,
				20EF0E321E9E0E9700943761 /* ButtonsTableViewCell.swift in Sources */,
				20892FCD1E8223FB00369946 /* Film.swift in Sources */,
				2002AEE31E8A6CF300E21EA5 /* CollectionHeight.swift in Sources */,
				20F322E91E8FB003008605FE /* FavoriteNavigationController.swift in Sources */,
				20F322DF1E8E1B59008605FE /* NoteViewController.swift in Sources */,
				20F322EB1E8FB080008605FE /* NewDevNavigationController.swift in Sources */,
				2083ABC41E99D9BB00AB0B5A /* LogInViewController.swift in Sources */,
				20892FC51E819B6200369946 /* Color.swift in Sources */,
				20F322E11E8FA82A008605FE /* TabBarController.swift in Sources */,
				205DC7821E8FF63B00A3E46E /* PhotoCollectionViewCell.swift in Sources */,
				205DC7A91E93B3B200A3E46E /* FavoriteTableViewController.swift in Sources */,
				2083ABC91E9A1E4900AB0B5A /* CommunityManager.swift in Sources */,
				20EF0E3E1E9F7D9000943761 /* InputTableViewCell.swift in Sources */,
				205DC79A1E9200B300A3E46E /* Record.swift in Sources */,
				205DC7B11E94EFD000A3E46E /* UsernameViewController.swift in Sources */,
				205DC7841E8FF63B00A3E46E /* PhotoTableViewCell.swift in Sources */,
				205DC78D1E8FFD4300A3E46E /* RecordListTableViewCell.swift in Sources */,
				200F15AE1EA7075900268240 /* ProfileSettingTableViewCell.swift in Sources */,
				205DC7801E8FF63B00A3E46E /* NoteTableViewCell.swift in Sources */,
				2002AED11E84B8A800E21EA5 /* RecordTableViewController.swift in Sources */,
				205DC7901E902AC100A3E46E /* AlertNavigationController.swift in Sources */,
				2030D5FB1E839262004E2C63 /* TimerViewController.swift in Sources */,
				20EF0E361E9E10D800943761 /* CommentsTableViewCell.swift in Sources */,
				200F15AA1EA7060B00268240 /* ProfileImageTableViewCell.swift in Sources */,
				20EF0E2E1E9E0E1200943761 /* DetailTableViewCell.swift in Sources */,
				205DC7781E8FF63B00A3E46E /* NewDevTableViewCellFilm.swift in Sources */,
				205DC7761E8FF63B00A3E46E /* NewDevTableViewCell.swift in Sources */,
				205DC7A01E93840000A3E46E /* FavoriteManager.swift in Sources */,
				20F322E71E8FAFF1008605FE /* PersonalNavigationController.swift in Sources */,
				2083ABC71E99EB7100AB0B5A /* ErrorHandler.swift in Sources */,
				205DC7B31E94F11500A3E46E /* UserPhotoViewController.swift in Sources */,
				200F159F1EA7008100268240 /* AccountSettingTableViewController.swift in Sources */,
				20EF0E271E9DF52600943761 /* CommentTableViewController.swift in Sources */,
				201978B61E80BAE20013FACE /* AppDelegate.swift in Sources */,
				20EF0E2A1E9DF75400943761 /* CommentDetailTableViewCell.swift in Sources */,
			);
			runOnlyForDeploymentPostprocessing = 0;
		};
/* End PBXSourcesBuildPhase section */

/* Begin PBXVariantGroup section */
		201978B91E80BAE20013FACE /* Main.storyboard */ = {
			isa = PBXVariantGroup;
			children = (
				201978BA1E80BAE20013FACE /* Base */,
			);
			name = Main.storyboard;
			sourceTree = "<group>";
		};
		201978C11E80BAE20013FACE /* LaunchScreen.storyboard */ = {
			isa = PBXVariantGroup;
			children = (
				201978C21E80BAE20013FACE /* Base */,
			);
			name = LaunchScreen.storyboard;
			sourceTree = "<group>";
		};
/* End PBXVariantGroup section */

/* Begin XCBuildConfiguration section */
		201978C51E80BAE20013FACE /* Debug */ = {
			isa = XCBuildConfiguration;
			buildSettings = {
				ALWAYS_SEARCH_USER_PATHS = NO;
				CLANG_ANALYZER_NONNULL = YES;
				CLANG_CXX_LANGUAGE_STANDARD = "gnu++0x";
				CLANG_CXX_LIBRARY = "libc++";
				CLANG_ENABLE_MODULES = YES;
				CLANG_ENABLE_OBJC_ARC = YES;
				CLANG_WARN_BOOL_CONVERSION = YES;
				CLANG_WARN_CONSTANT_CONVERSION = YES;
				CLANG_WARN_DIRECT_OBJC_ISA_USAGE = YES_ERROR;
				CLANG_WARN_DOCUMENTATION_COMMENTS = YES;
				CLANG_WARN_EMPTY_BODY = YES;
				CLANG_WARN_ENUM_CONVERSION = YES;
				CLANG_WARN_INFINITE_RECURSION = YES;
				CLANG_WARN_INT_CONVERSION = YES;
				CLANG_WARN_OBJC_ROOT_CLASS = YES_ERROR;
				CLANG_WARN_SUSPICIOUS_MOVE = YES;
				CLANG_WARN_UNREACHABLE_CODE = YES;
				CLANG_WARN__DUPLICATE_METHOD_MATCH = YES;
				"CODE_SIGN_IDENTITY[sdk=iphoneos*]" = "iPhone Developer";
				COPY_PHASE_STRIP = NO;
				DEBUG_INFORMATION_FORMAT = "dwarf-with-dsym";
				ENABLE_STRICT_OBJC_MSGSEND = YES;
				ENABLE_TESTABILITY = YES;
				GCC_C_LANGUAGE_STANDARD = gnu99;
				GCC_DYNAMIC_NO_PIC = NO;
				GCC_NO_COMMON_BLOCKS = YES;
				GCC_OPTIMIZATION_LEVEL = 0;
				GCC_PREPROCESSOR_DEFINITIONS = (
					"DEBUG=1",
					"$(inherited)",
				);
				GCC_WARN_64_TO_32_BIT_CONVERSION = YES;
				GCC_WARN_ABOUT_RETURN_TYPE = YES_ERROR;
				GCC_WARN_UNDECLARED_SELECTOR = YES;
				GCC_WARN_UNINITIALIZED_AUTOS = YES_AGGRESSIVE;
				GCC_WARN_UNUSED_FUNCTION = YES;
				GCC_WARN_UNUSED_VARIABLE = YES;
				IPHONEOS_DEPLOYMENT_TARGET = 10.2;
				MTL_ENABLE_DEBUG_INFO = YES;
				ONLY_ACTIVE_ARCH = YES;
				SDKROOT = iphoneos;
				SWIFT_ACTIVE_COMPILATION_CONDITIONS = DEBUG;
				SWIFT_OPTIMIZATION_LEVEL = "-Onone";
				TARGETED_DEVICE_FAMILY = "1,2";
			};
			name = Debug;
		};
		201978C61E80BAE20013FACE /* Release */ = {
			isa = XCBuildConfiguration;
			buildSettings = {
				ALWAYS_SEARCH_USER_PATHS = NO;
				CLANG_ANALYZER_NONNULL = YES;
				CLANG_CXX_LANGUAGE_STANDARD = "gnu++0x";
				CLANG_CXX_LIBRARY = "libc++";
				CLANG_ENABLE_MODULES = YES;
				CLANG_ENABLE_OBJC_ARC = YES;
				CLANG_WARN_BOOL_CONVERSION = YES;
				CLANG_WARN_CONSTANT_CONVERSION = YES;
				CLANG_WARN_DIRECT_OBJC_ISA_USAGE = YES_ERROR;
				CLANG_WARN_DOCUMENTATION_COMMENTS = YES;
				CLANG_WARN_EMPTY_BODY = YES;
				CLANG_WARN_ENUM_CONVERSION = YES;
				CLANG_WARN_INFINITE_RECURSION = YES;
				CLANG_WARN_INT_CONVERSION = YES;
				CLANG_WARN_OBJC_ROOT_CLASS = YES_ERROR;
				CLANG_WARN_SUSPICIOUS_MOVE = YES;
				CLANG_WARN_UNREACHABLE_CODE = YES;
				CLANG_WARN__DUPLICATE_METHOD_MATCH = YES;
				"CODE_SIGN_IDENTITY[sdk=iphoneos*]" = "iPhone Developer";
				COPY_PHASE_STRIP = NO;
				DEBUG_INFORMATION_FORMAT = "dwarf-with-dsym";
				ENABLE_NS_ASSERTIONS = NO;
				ENABLE_STRICT_OBJC_MSGSEND = YES;
				GCC_C_LANGUAGE_STANDARD = gnu99;
				GCC_NO_COMMON_BLOCKS = YES;
				GCC_WARN_64_TO_32_BIT_CONVERSION = YES;
				GCC_WARN_ABOUT_RETURN_TYPE = YES_ERROR;
				GCC_WARN_UNDECLARED_SELECTOR = YES;
				GCC_WARN_UNINITIALIZED_AUTOS = YES_AGGRESSIVE;
				GCC_WARN_UNUSED_FUNCTION = YES;
				GCC_WARN_UNUSED_VARIABLE = YES;
				IPHONEOS_DEPLOYMENT_TARGET = 10.2;
				MTL_ENABLE_DEBUG_INFO = NO;
				SDKROOT = iphoneos;
				SWIFT_OPTIMIZATION_LEVEL = "-Owholemodule";
				TARGETED_DEVICE_FAMILY = "1,2";
				VALIDATE_PRODUCT = YES;
			};
			name = Release;
		};
		201978C81E80BAE20013FACE /* Debug */ = {
			isa = XCBuildConfiguration;
			baseConfigurationReference = B4C9D9118AFE53887E4B623F /* Pods-LetsDev.debug.xcconfig */;
			buildSettings = {
				ASSETCATALOG_COMPILER_APPICON_NAME = AppIcon;
				"CODE_SIGN_IDENTITY[sdk=iphoneos*]" = "iPhone Developer";
				DEVELOPMENT_TEAM = D3SFCFQ6Q5;
				INFOPLIST_FILE = LetsDev/Info.plist;
				LD_RUNPATH_SEARCH_PATHS = "$(inherited) @executable_path/Frameworks";
				PRODUCT_BUNDLE_IDENTIFIER = com.turtlexuan.LetDev;
				PRODUCT_NAME = "$(TARGET_NAME)";
				PROVISIONING_PROFILE = "";
				PROVISIONING_PROFILE_SPECIFIER = "";
				SWIFT_VERSION = 3.0;
				TARGETED_DEVICE_FAMILY = 1;
			};
			name = Debug;
		};
		201978C91E80BAE20013FACE /* Release */ = {
			isa = XCBuildConfiguration;
			baseConfigurationReference = 01A593E4A91523410B938F6A /* Pods-LetsDev.release.xcconfig */;
			buildSettings = {
				ASSETCATALOG_COMPILER_APPICON_NAME = AppIcon;
				"CODE_SIGN_IDENTITY[sdk=iphoneos*]" = "iPhone Developer";
				DEVELOPMENT_TEAM = D3SFCFQ6Q5;
				INFOPLIST_FILE = LetsDev/Info.plist;
				LD_RUNPATH_SEARCH_PATHS = "$(inherited) @executable_path/Frameworks";
				PRODUCT_BUNDLE_IDENTIFIER = com.turtlexuan.LetDev;
				PRODUCT_NAME = "$(TARGET_NAME)";
				PROVISIONING_PROFILE = "";
				PROVISIONING_PROFILE_SPECIFIER = "";
				SWIFT_VERSION = 3.0;
				TARGETED_DEVICE_FAMILY = 1;
			};
			name = Release;
		};
/* End XCBuildConfiguration section */

/* Begin XCConfigurationList section */
		201978AD1E80BAE20013FACE /* Build configuration list for PBXProject "LetsDev" */ = {
			isa = XCConfigurationList;
			buildConfigurations = (
				201978C51E80BAE20013FACE /* Debug */,
				201978C61E80BAE20013FACE /* Release */,
			);
			defaultConfigurationIsVisible = 0;
			defaultConfigurationName = Release;
		};
		201978C71E80BAE20013FACE /* Build configuration list for PBXNativeTarget "LetsDev" */ = {
			isa = XCConfigurationList;
			buildConfigurations = (
				201978C81E80BAE20013FACE /* Debug */,
				201978C91E80BAE20013FACE /* Release */,
			);
			defaultConfigurationIsVisible = 0;
			defaultConfigurationName = Release;
		};
/* End XCConfigurationList section */

/* Begin XCVersionGroup section */
		201978BC1E80BAE20013FACE /* LetsDev.xcdatamodeld */ = {
			isa = XCVersionGroup;
			children = (
				201978BD1E80BAE20013FACE /* LetsDev.xcdatamodel */,
			);
			currentVersion = 201978BD1E80BAE20013FACE /* LetsDev.xcdatamodel */;
			path = LetsDev.xcdatamodeld;
			sourceTree = "<group>";
			versionGroupType = wrapper.xcdatamodel;
		};
/* End XCVersionGroup section */
	};
	rootObject = 201978AA1E80BAE20013FACE /* Project object */;
}
