// !$*UTF8*$!
{
	archiveVersion = 1;
	classes = {
	};
	objectVersion = 46;
	objects = {

/* Begin PBXBuildFile section */
		2002AECF1E83D54300E21EA5 /* GoogleService-Info.plist in Resources */ = {isa = PBXBuildFile; fileRef = 2002AECE1E83D54300E21EA5 /* GoogleService-Info.plist */; };
		2002AED11E84B8A800E21EA5 /* RecordTableViewController.swift in Sources */ = {isa = PBXBuildFile; fileRef = 2002AED01E84B8A800E21EA5 /* RecordTableViewController.swift */; };
		2002AED41E8A306C00E21EA5 /* CombinationTableViewCell.swift in Sources */ = {isa = PBXBuildFile; fileRef = 2002AED21E8A306C00E21EA5 /* CombinationTableViewCell.swift */; };
		2002AED51E8A306C00E21EA5 /* CombinationTableViewCell.xib in Resources */ = {isa = PBXBuildFile; fileRef = 2002AED31E8A306C00E21EA5 /* CombinationTableViewCell.xib */; };
		2002AED81E8A3B7600E21EA5 /* NoteTableViewCell.swift in Sources */ = {isa = PBXBuildFile; fileRef = 2002AED61E8A3B7600E21EA5 /* NoteTableViewCell.swift */; };
		2002AED91E8A3B7600E21EA5 /* NoteTableViewCell.xib in Resources */ = {isa = PBXBuildFile; fileRef = 2002AED71E8A3B7600E21EA5 /* NoteTableViewCell.xib */; };
		2002AEDC1E8A460700E21EA5 /* PhotoTableViewCell.swift in Sources */ = {isa = PBXBuildFile; fileRef = 2002AEDA1E8A460700E21EA5 /* PhotoTableViewCell.swift */; };
		2002AEDD1E8A460700E21EA5 /* PhotoTableViewCell.xib in Resources */ = {isa = PBXBuildFile; fileRef = 2002AEDB1E8A460700E21EA5 /* PhotoTableViewCell.xib */; };
		2002AEE01E8A509900E21EA5 /* PhotoCollectionViewCell.swift in Sources */ = {isa = PBXBuildFile; fileRef = 2002AEDE1E8A509900E21EA5 /* PhotoCollectionViewCell.swift */; };
		2002AEE11E8A509900E21EA5 /* PhotoCollectionViewCell.xib in Resources */ = {isa = PBXBuildFile; fileRef = 2002AEDF1E8A509900E21EA5 /* PhotoCollectionViewCell.xib */; };
		2002AEE31E8A6CF300E21EA5 /* CollectionHeight.swift in Sources */ = {isa = PBXBuildFile; fileRef = 2002AEE21E8A6CF300E21EA5 /* CollectionHeight.swift */; };
		201978B61E80BAE20013FACE /* AppDelegate.swift in Sources */ = {isa = PBXBuildFile; fileRef = 201978B51E80BAE20013FACE /* AppDelegate.swift */; };
		201978BB1E80BAE20013FACE /* Main.storyboard in Resources */ = {isa = PBXBuildFile; fileRef = 201978B91E80BAE20013FACE /* Main.storyboard */; };
		201978BE1E80BAE20013FACE /* LetsDev.xcdatamodeld in Sources */ = {isa = PBXBuildFile; fileRef = 201978BC1E80BAE20013FACE /* LetsDev.xcdatamodeld */; };
		201978C01E80BAE20013FACE /* Assets.xcassets in Resources */ = {isa = PBXBuildFile; fileRef = 201978BF1E80BAE20013FACE /* Assets.xcassets */; };
		201978C31E80BAE20013FACE /* LaunchScreen.storyboard in Resources */ = {isa = PBXBuildFile; fileRef = 201978C11E80BAE20013FACE /* LaunchScreen.storyboard */; };
		201978D61E80CFBE0013FACE /* NewDevViewController.swift in Sources */ = {isa = PBXBuildFile; fileRef = 201978D51E80CFBE0013FACE /* NewDevViewController.swift */; };
		201978D81E80CFD90013FACE /* NewDevTableViewCell.xib in Resources */ = {isa = PBXBuildFile; fileRef = 201978D71E80CFD90013FACE /* NewDevTableViewCell.xib */; };
		201978DA1E8102F60013FACE /* NewDevTableViewCell.swift in Sources */ = {isa = PBXBuildFile; fileRef = 201978D91E8102F60013FACE /* NewDevTableViewCell.swift */; };
		2030D5FB1E839262004E2C63 /* TimerViewController.swift in Sources */ = {isa = PBXBuildFile; fileRef = 2030D5FA1E839262004E2C63 /* TimerViewController.swift */; };
		20892FBB1E81270200369946 /* NewDevTableViewCellTwoContent.swift in Sources */ = {isa = PBXBuildFile; fileRef = 20892FB91E81270200369946 /* NewDevTableViewCellTwoContent.swift */; };
		20892FBC1E81270200369946 /* NewDevTableViewCellTwoContent.xib in Resources */ = {isa = PBXBuildFile; fileRef = 20892FBA1E81270200369946 /* NewDevTableViewCellTwoContent.xib */; };
		20892FBF1E812A5C00369946 /* NewDevTableViewCellOneContent.swift in Sources */ = {isa = PBXBuildFile; fileRef = 20892FBD1E812A5C00369946 /* NewDevTableViewCellOneContent.swift */; };
		20892FC01E812A5C00369946 /* NewDevTableViewCellOneContent.xib in Resources */ = {isa = PBXBuildFile; fileRef = 20892FBE1E812A5C00369946 /* NewDevTableViewCellOneContent.xib */; };
		20892FC21E812D9B00369946 /* DevProcess.swift in Sources */ = {isa = PBXBuildFile; fileRef = 20892FC11E812D9B00369946 /* DevProcess.swift */; };
		20892FC51E819B6200369946 /* Color.swift in Sources */ = {isa = PBXBuildFile; fileRef = 20892FC41E819B6200369946 /* Color.swift */; };
		20892FC71E821A0700369946 /* Combination.swift in Sources */ = {isa = PBXBuildFile; fileRef = 20892FC61E821A0700369946 /* Combination.swift */; };
		20892FCA1E821E4F00369946 /* NewDevTableViewCellFilm.swift in Sources */ = {isa = PBXBuildFile; fileRef = 20892FC81E821E4F00369946 /* NewDevTableViewCellFilm.swift */; };
		20892FCB1E821E4F00369946 /* NewDevTableViewCellFilm.xib in Resources */ = {isa = PBXBuildFile; fileRef = 20892FC91E821E4F00369946 /* NewDevTableViewCellFilm.xib */; };
		20892FCD1E8223FB00369946 /* Film.swift in Sources */ = {isa = PBXBuildFile; fileRef = 20892FCC1E8223FB00369946 /* Film.swift */; };
		20892FCF1E827C0C00369946 /* TTInputButton.swift in Sources */ = {isa = PBXBuildFile; fileRef = 20892FCE1E827C0C00369946 /* TTInputButton.swift */; };
		E4F1FE23674C8589E00ACF52 /* Pods_LetsDev.framework in Frameworks */ = {isa = PBXBuildFile; fileRef = DD5025F6EEDEA83A6E3AA888 /* Pods_LetsDev.framework */; };
/* End PBXBuildFile section */

/* Begin PBXFileReference section */
		01A593E4A91523410B938F6A /* Pods-LetsDev.release.xcconfig */ = {isa = PBXFileReference; includeInIndex = 1; lastKnownFileType = text.xcconfig; name = "Pods-LetsDev.release.xcconfig"; path = "Pods/Target Support Files/Pods-LetsDev/Pods-LetsDev.release.xcconfig"; sourceTree = "<group>"; };
		2002AECE1E83D54300E21EA5 /* GoogleService-Info.plist */ = {isa = PBXFileReference; fileEncoding = 4; lastKnownFileType = text.plist.xml; path = "GoogleService-Info.plist"; sourceTree = "<group>"; };
		2002AED01E84B8A800E21EA5 /* RecordTableViewController.swift */ = {isa = PBXFileReference; fileEncoding = 4; lastKnownFileType = sourcecode.swift; path = RecordTableViewController.swift; sourceTree = "<group>"; };
		2002AED21E8A306C00E21EA5 /* CombinationTableViewCell.swift */ = {isa = PBXFileReference; fileEncoding = 4; lastKnownFileType = sourcecode.swift; path = CombinationTableViewCell.swift; sourceTree = "<group>"; };
		2002AED31E8A306C00E21EA5 /* CombinationTableViewCell.xib */ = {isa = PBXFileReference; fileEncoding = 4; lastKnownFileType = file.xib; path = CombinationTableViewCell.xib; sourceTree = "<group>"; };
		2002AED61E8A3B7600E21EA5 /* NoteTableViewCell.swift */ = {isa = PBXFileReference; fileEncoding = 4; lastKnownFileType = sourcecode.swift; path = NoteTableViewCell.swift; sourceTree = "<group>"; };
		2002AED71E8A3B7600E21EA5 /* NoteTableViewCell.xib */ = {isa = PBXFileReference; fileEncoding = 4; lastKnownFileType = file.xib; path = NoteTableViewCell.xib; sourceTree = "<group>"; };
		2002AEDA1E8A460700E21EA5 /* PhotoTableViewCell.swift */ = {isa = PBXFileReference; fileEncoding = 4; lastKnownFileType = sourcecode.swift; path = PhotoTableViewCell.swift; sourceTree = "<group>"; };
		2002AEDB1E8A460700E21EA5 /* PhotoTableViewCell.xib */ = {isa = PBXFileReference; fileEncoding = 4; lastKnownFileType = file.xib; path = PhotoTableViewCell.xib; sourceTree = "<group>"; };
		2002AEDE1E8A509900E21EA5 /* PhotoCollectionViewCell.swift */ = {isa = PBXFileReference; fileEncoding = 4; lastKnownFileType = sourcecode.swift; path = PhotoCollectionViewCell.swift; sourceTree = "<group>"; };
		2002AEDF1E8A509900E21EA5 /* PhotoCollectionViewCell.xib */ = {isa = PBXFileReference; fileEncoding = 4; lastKnownFileType = file.xib; path = PhotoCollectionViewCell.xib; sourceTree = "<group>"; };
		2002AEE21E8A6CF300E21EA5 /* CollectionHeight.swift */ = {isa = PBXFileReference; fileEncoding = 4; lastKnownFileType = sourcecode.swift; path = CollectionHeight.swift; sourceTree = "<group>"; };
		201978B21E80BAE20013FACE /* LetsDev.app */ = {isa = PBXFileReference; explicitFileType = wrapper.application; includeInIndex = 0; path = LetsDev.app; sourceTree = BUILT_PRODUCTS_DIR; };
		201978B51E80BAE20013FACE /* AppDelegate.swift */ = {isa = PBXFileReference; lastKnownFileType = sourcecode.swift; path = AppDelegate.swift; sourceTree = "<group>"; };
		201978BA1E80BAE20013FACE /* Base */ = {isa = PBXFileReference; lastKnownFileType = file.storyboard; name = Base; path = Base.lproj/Main.storyboard; sourceTree = "<group>"; };
		201978BD1E80BAE20013FACE /* LetsDev.xcdatamodel */ = {isa = PBXFileReference; lastKnownFileType = wrapper.xcdatamodel; path = LetsDev.xcdatamodel; sourceTree = "<group>"; };
		201978BF1E80BAE20013FACE /* Assets.xcassets */ = {isa = PBXFileReference; lastKnownFileType = folder.assetcatalog; path = Assets.xcassets; sourceTree = "<group>"; };
		201978C21E80BAE20013FACE /* Base */ = {isa = PBXFileReference; lastKnownFileType = file.storyboard; name = Base; path = Base.lproj/LaunchScreen.storyboard; sourceTree = "<group>"; };
		201978C41E80BAE20013FACE /* Info.plist */ = {isa = PBXFileReference; lastKnownFileType = text.plist.xml; path = Info.plist; sourceTree = "<group>"; };
		201978D51E80CFBE0013FACE /* NewDevViewController.swift */ = {isa = PBXFileReference; fileEncoding = 4; lastKnownFileType = sourcecode.swift; path = NewDevViewController.swift; sourceTree = "<group>"; };
		201978D71E80CFD90013FACE /* NewDevTableViewCell.xib */ = {isa = PBXFileReference; fileEncoding = 4; lastKnownFileType = file.xib; path = NewDevTableViewCell.xib; sourceTree = "<group>"; };
		201978D91E8102F60013FACE /* NewDevTableViewCell.swift */ = {isa = PBXFileReference; fileEncoding = 4; lastKnownFileType = sourcecode.swift; path = NewDevTableViewCell.swift; sourceTree = "<group>"; };
		2030D5FA1E839262004E2C63 /* TimerViewController.swift */ = {isa = PBXFileReference; fileEncoding = 4; lastKnownFileType = sourcecode.swift; path = TimerViewController.swift; sourceTree = "<group>"; };
		20892FB91E81270200369946 /* NewDevTableViewCellTwoContent.swift */ = {isa = PBXFileReference; fileEncoding = 4; lastKnownFileType = sourcecode.swift; path = NewDevTableViewCellTwoContent.swift; sourceTree = "<group>"; };
		20892FBA1E81270200369946 /* NewDevTableViewCellTwoContent.xib */ = {isa = PBXFileReference; fileEncoding = 4; lastKnownFileType = file.xib; path = NewDevTableViewCellTwoContent.xib; sourceTree = "<group>"; };
		20892FBD1E812A5C00369946 /* NewDevTableViewCellOneContent.swift */ = {isa = PBXFileReference; fileEncoding = 4; lastKnownFileType = sourcecode.swift; path = NewDevTableViewCellOneContent.swift; sourceTree = "<group>"; };
		20892FBE1E812A5C00369946 /* NewDevTableViewCellOneContent.xib */ = {isa = PBXFileReference; fileEncoding = 4; lastKnownFileType = file.xib; path = NewDevTableViewCellOneContent.xib; sourceTree = "<group>"; };
		20892FC11E812D9B00369946 /* DevProcess.swift */ = {isa = PBXFileReference; fileEncoding = 4; lastKnownFileType = sourcecode.swift; path = DevProcess.swift; sourceTree = "<group>"; };
		20892FC41E819B6200369946 /* Color.swift */ = {isa = PBXFileReference; fileEncoding = 4; lastKnownFileType = sourcecode.swift; path = Color.swift; sourceTree = "<group>"; };
		20892FC61E821A0700369946 /* Combination.swift */ = {isa = PBXFileReference; fileEncoding = 4; lastKnownFileType = sourcecode.swift; path = Combination.swift; sourceTree = "<group>"; };
		20892FC81E821E4F00369946 /* NewDevTableViewCellFilm.swift */ = {isa = PBXFileReference; fileEncoding = 4; lastKnownFileType = sourcecode.swift; path = NewDevTableViewCellFilm.swift; sourceTree = "<group>"; };
		20892FC91E821E4F00369946 /* NewDevTableViewCellFilm.xib */ = {isa = PBXFileReference; fileEncoding = 4; lastKnownFileType = file.xib; path = NewDevTableViewCellFilm.xib; sourceTree = "<group>"; };
		20892FCC1E8223FB00369946 /* Film.swift */ = {isa = PBXFileReference; fileEncoding = 4; lastKnownFileType = sourcecode.swift; path = Film.swift; sourceTree = "<group>"; };
		20892FCE1E827C0C00369946 /* TTInputButton.swift */ = {isa = PBXFileReference; fileEncoding = 4; lastKnownFileType = sourcecode.swift; path = TTInputButton.swift; sourceTree = "<group>"; };
		B4C9D9118AFE53887E4B623F /* Pods-LetsDev.debug.xcconfig */ = {isa = PBXFileReference; includeInIndex = 1; lastKnownFileType = text.xcconfig; name = "Pods-LetsDev.debug.xcconfig"; path = "Pods/Target Support Files/Pods-LetsDev/Pods-LetsDev.debug.xcconfig"; sourceTree = "<group>"; };
		DD5025F6EEDEA83A6E3AA888 /* Pods_LetsDev.framework */ = {isa = PBXFileReference; explicitFileType = wrapper.framework; includeInIndex = 0; path = Pods_LetsDev.framework; sourceTree = BUILT_PRODUCTS_DIR; };
/* End PBXFileReference section */

/* Begin PBXFrameworksBuildPhase section */
		201978AF1E80BAE20013FACE /* Frameworks */ = {
			isa = PBXFrameworksBuildPhase;
			buildActionMask = 2147483647;
			files = (
				E4F1FE23674C8589E00ACF52 /* Pods_LetsDev.framework in Frameworks */,
			);
			runOnlyForDeploymentPostprocessing = 0;
		};
/* End PBXFrameworksBuildPhase section */

/* Begin PBXGroup section */
		201978A91E80BAE20013FACE = {
			isa = PBXGroup;
			children = (
				201978B41E80BAE20013FACE /* LetsDev */,
				201978B31E80BAE20013FACE /* Products */,
				C35FCE0862AF92CDAA79363A /* Pods */,
				A322150B5658DCF6C41AF1BA /* Frameworks */,
			);
			sourceTree = "<group>";
		};
		201978B31E80BAE20013FACE /* Products */ = {
			isa = PBXGroup;
			children = (
				201978B21E80BAE20013FACE /* LetsDev.app */,
			);
			name = Products;
			sourceTree = "<group>";
		};
		201978B41E80BAE20013FACE /* LetsDev */ = {
			isa = PBXGroup;
			children = (
				201978B51E80BAE20013FACE /* AppDelegate.swift */,
				201978B91E80BAE20013FACE /* Main.storyboard */,
				201978BF1E80BAE20013FACE /* Assets.xcassets */,
				201978C11E80BAE20013FACE /* LaunchScreen.storyboard */,
				201978C41E80BAE20013FACE /* Info.plist */,
				2002AECE1E83D54300E21EA5 /* GoogleService-Info.plist */,
				201978BC1E80BAE20013FACE /* LetsDev.xcdatamodeld */,
				201978D21E80CFAD0013FACE /* Modal */,
				201978D31E80CFAD0013FACE /* View */,
				201978D41E80CFAD0013FACE /* ViewController */,
				20892FC31E819B5200369946 /* Constants */,
			);
			path = LetsDev;
			sourceTree = "<group>";
		};
		201978D21E80CFAD0013FACE /* Modal */ = {
			isa = PBXGroup;
			children = (
				20892FC11E812D9B00369946 /* DevProcess.swift */,
				20892FC61E821A0700369946 /* Combination.swift */,
			);
			path = Modal;
			sourceTree = "<group>";
		};
		201978D31E80CFAD0013FACE /* View */ = {
			isa = PBXGroup;
			children = (
				201978D71E80CFD90013FACE /* NewDevTableViewCell.xib */,
				201978D91E8102F60013FACE /* NewDevTableViewCell.swift */,
				20892FB91E81270200369946 /* NewDevTableViewCellTwoContent.swift */,
				20892FBA1E81270200369946 /* NewDevTableViewCellTwoContent.xib */,
				20892FBD1E812A5C00369946 /* NewDevTableViewCellOneContent.swift */,
				20892FBE1E812A5C00369946 /* NewDevTableViewCellOneContent.xib */,
				20892FC81E821E4F00369946 /* NewDevTableViewCellFilm.swift */,
				20892FC91E821E4F00369946 /* NewDevTableViewCellFilm.xib */,
				20892FCE1E827C0C00369946 /* TTInputButton.swift */,
				2002AED21E8A306C00E21EA5 /* CombinationTableViewCell.swift */,
				2002AED31E8A306C00E21EA5 /* CombinationTableViewCell.xib */,
				2002AED61E8A3B7600E21EA5 /* NoteTableViewCell.swift */,
				2002AED71E8A3B7600E21EA5 /* NoteTableViewCell.xib */,
				2002AEDA1E8A460700E21EA5 /* PhotoTableViewCell.swift */,
				2002AEDB1E8A460700E21EA5 /* PhotoTableViewCell.xib */,
				2002AEDE1E8A509900E21EA5 /* PhotoCollectionViewCell.swift */,
				2002AEDF1E8A509900E21EA5 /* PhotoCollectionViewCell.xib */,
			);
			path = View;
			sourceTree = "<group>";
		};
		201978D41E80CFAD0013FACE /* ViewController */ = {
			isa = PBXGroup;
			children = (
				201978D51E80CFBE0013FACE /* NewDevViewController.swift */,
				2030D5FA1E839262004E2C63 /* TimerViewController.swift */,
				2002AED01E84B8A800E21EA5 /* RecordTableViewController.swift */,
			);
			path = ViewController;
			sourceTree = "<group>";
		};
		20892FC31E819B5200369946 /* Constants */ = {
			isa = PBXGroup;
			children = (
				20892FC41E819B6200369946 /* Color.swift */,
				20892FCC1E8223FB00369946 /* Film.swift */,
				2002AEE21E8A6CF300E21EA5 /* CollectionHeight.swift */,
			);
			path = Constants;
			sourceTree = "<group>";
		};
		A322150B5658DCF6C41AF1BA /* Frameworks */ = {
			isa = PBXGroup;
			children = (
				DD5025F6EEDEA83A6E3AA888 /* Pods_LetsDev.framework */,
			);
			name = Frameworks;
			sourceTree = "<group>";
		};
		C35FCE0862AF92CDAA79363A /* Pods */ = {
			isa = PBXGroup;
			children = (
				B4C9D9118AFE53887E4B623F /* Pods-LetsDev.debug.xcconfig */,
				01A593E4A91523410B938F6A /* Pods-LetsDev.release.xcconfig */,
			);
			name = Pods;
			sourceTree = "<group>";
		};
/* End PBXGroup section */

/* Begin PBXNativeTarget section */
		201978B11E80BAE20013FACE /* LetsDev */ = {
			isa = PBXNativeTarget;
			buildConfigurationList = 201978C71E80BAE20013FACE /* Build configuration list for PBXNativeTarget "LetsDev" */;
			buildPhases = (
				54372547FCCA18FB5425FE31 /* [CP] Check Pods Manifest.lock */,
				201978AE1E80BAE20013FACE /* Sources */,
				201978AF1E80BAE20013FACE /* Frameworks */,
				201978B01E80BAE20013FACE /* Resources */,
				201978CA1E80CA7B0013FACE /* Run Swiftlint */,
				F55A50C42BB17EF30594F745 /* [CP] Embed Pods Frameworks */,
				1A5E8916BC080072DA44C1E3 /* [CP] Copy Pods Resources */,
			);
			buildRules = (
			);
			dependencies = (
			);
			name = LetsDev;
			productName = LetsDev;
			productReference = 201978B21E80BAE20013FACE /* LetsDev.app */;
			productType = "com.apple.product-type.application";
		};
/* End PBXNativeTarget section */

/* Begin PBXProject section */
		201978AA1E80BAE20013FACE /* Project object */ = {
			isa = PBXProject;
			attributes = {
				LastSwiftUpdateCheck = 0820;
				LastUpgradeCheck = 0820;
				ORGANIZATIONNAME = "劉仲軒";
				TargetAttributes = {
					201978B11E80BAE20013FACE = {
						CreatedOnToolsVersion = 8.2.1;
						DevelopmentTeam = U9WVFKNWBQ;
						ProvisioningStyle = Automatic;
					};
				};
			};
			buildConfigurationList = 201978AD1E80BAE20013FACE /* Build configuration list for PBXProject "LetsDev" */;
			compatibilityVersion = "Xcode 3.2";
			developmentRegion = English;
			hasScannedForEncodings = 0;
			knownRegions = (
				en,
				Base,
			);
			mainGroup = 201978A91E80BAE20013FACE;
			productRefGroup = 201978B31E80BAE20013FACE /* Products */;
			projectDirPath = "";
			projectRoot = "";
			targets = (
				201978B11E80BAE20013FACE /* LetsDev */,
			);
		};
/* End PBXProject section */

/* Begin PBXResourcesBuildPhase section */
		201978B01E80BAE20013FACE /* Resources */ = {
			isa = PBXResourcesBuildPhase;
			buildActionMask = 2147483647;
			files = (
				201978C31E80BAE20013FACE /* LaunchScreen.storyboard in Resources */,
				2002AECF1E83D54300E21EA5 /* GoogleService-Info.plist in Resources */,
				201978D81E80CFD90013FACE /* NewDevTableViewCell.xib in Resources */,
				2002AED91E8A3B7600E21EA5 /* NoteTableViewCell.xib in Resources */,
				201978C01E80BAE20013FACE /* Assets.xcassets in Resources */,
				20892FC01E812A5C00369946 /* NewDevTableViewCellOneContent.xib in Resources */,
				201978BB1E80BAE20013FACE /* Main.storyboard in Resources */,
				20892FBC1E81270200369946 /* NewDevTableViewCellTwoContent.xib in Resources */,
				2002AED51E8A306C00E21EA5 /* CombinationTableViewCell.xib in Resources */,
				2002AEE11E8A509900E21EA5 /* PhotoCollectionViewCell.xib in Resources */,
				2002AEDD1E8A460700E21EA5 /* PhotoTableViewCell.xib in Resources */,
				20892FCB1E821E4F00369946 /* NewDevTableViewCellFilm.xib in Resources */,
			);
			runOnlyForDeploymentPostprocessing = 0;
		};
/* End PBXResourcesBuildPhase section */

/* Begin PBXShellScriptBuildPhase section */
		1A5E8916BC080072DA44C1E3 /* [CP] Copy Pods Resources */ = {
			isa = PBXShellScriptBuildPhase;
			buildActionMask = 2147483647;
			files = (
			);
			inputPaths = (
			);
			name = "[CP] Copy Pods Resources";
			outputPaths = (
			);
			runOnlyForDeploymentPostprocessing = 0;
			shellPath = /bin/sh;
			shellScript = "\"${SRCROOT}/Pods/Target Support Files/Pods-LetsDev/Pods-LetsDev-resources.sh\"\n";
			showEnvVarsInLog = 0;
		};
		201978CA1E80CA7B0013FACE /* Run Swiftlint */ = {
			isa = PBXShellScriptBuildPhase;
			buildActionMask = 2147483647;
			files = (
			);
			inputPaths = (
			);
			name = "Run Swiftlint";
			outputPaths = (
			);
			runOnlyForDeploymentPostprocessing = 0;
			shellPath = /bin/sh;
			shellScript = "if which swiftlint >/dev/null; then\n    swiftlint\nelse\n    echo \"warning: SwiftLint not installed, download from https://github.com/realm/SwiftLint\"\nfi";
		};
		54372547FCCA18FB5425FE31 /* [CP] Check Pods Manifest.lock */ = {
			isa = PBXShellScriptBuildPhase;
			buildActionMask = 2147483647;
			files = (
			);
			inputPaths = (
			);
			name = "[CP] Check Pods Manifest.lock";
			outputPaths = (
			);
			runOnlyForDeploymentPostprocessing = 0;
			shellPath = /bin/sh;
			shellScript = "diff \"${PODS_ROOT}/../Podfile.lock\" \"${PODS_ROOT}/Manifest.lock\" > /dev/null\nif [ $? != 0 ] ; then\n    # print error to STDERR\n    echo \"error: The sandbox is not in sync with the Podfile.lock. Run 'pod install' or update your CocoaPods installation.\" >&2\n    exit 1\nfi\n";
			showEnvVarsInLog = 0;
		};
		F55A50C42BB17EF30594F745 /* [CP] Embed Pods Frameworks */ = {
			isa = PBXShellScriptBuildPhase;
			buildActionMask = 2147483647;
			files = (
			);
			inputPaths = (
			);
			name = "[CP] Embed Pods Frameworks";
			outputPaths = (
			);
			runOnlyForDeploymentPostprocessing = 0;
			shellPath = /bin/sh;
			shellScript = "\"${SRCROOT}/Pods/Target Support Files/Pods-LetsDev/Pods-LetsDev-frameworks.sh\"\n";
			showEnvVarsInLog = 0;
		};
/* End PBXShellScriptBuildPhase section */

/* Begin PBXSourcesBuildPhase section */
		201978AE1E80BAE20013FACE /* Sources */ = {
			isa = PBXSourcesBuildPhase;
			buildActionMask = 2147483647;
			files = (
				20892FCA1E821E4F00369946 /* NewDevTableViewCellFilm.swift in Sources */,
				2002AED41E8A306C00E21EA5 /* CombinationTableViewCell.swift in Sources */,
				20892FC71E821A0700369946 /* Combination.swift in Sources */,
				20892FCF1E827C0C00369946 /* TTInputButton.swift in Sources */,
				201978DA1E8102F60013FACE /* NewDevTableViewCell.swift in Sources */,
				2002AEE01E8A509900E21EA5 /* PhotoCollectionViewCell.swift in Sources */,
				201978BE1E80BAE20013FACE /* LetsDev.xcdatamodeld in Sources */,
				20892FC21E812D9B00369946 /* DevProcess.swift in Sources */,
				201978D61E80CFBE0013FACE /* NewDevViewController.swift in Sources */,
				20892FCD1E8223FB00369946 /* Film.swift in Sources */,
				20892FBF1E812A5C00369946 /* NewDevTableViewCellOneContent.swift in Sources */,
				2002AEDC1E8A460700E21EA5 /* PhotoTableViewCell.swift in Sources */,
				2002AEE31E8A6CF300E21EA5 /* CollectionHeight.swift in Sources */,
				20892FC51E819B6200369946 /* Color.swift in Sources */,
				2002AED81E8A3B7600E21EA5 /* NoteTableViewCell.swift in Sources */,
				2002AED11E84B8A800E21EA5 /* RecordTableViewController.swift in Sources */,
				2030D5FB1E839262004E2C63 /* TimerViewController.swift in Sources */,
				20892FBB1E81270200369946 /* NewDevTableViewCellTwoContent.swift in Sources */,
				201978B61E80BAE20013FACE /* AppDelegate.swift in Sources */,
			);
			runOnlyForDeploymentPostprocessing = 0;
		};
/* End PBXSourcesBuildPhase section */

/* Begin PBXVariantGroup section */
		201978B91E80BAE20013FACE /* Main.storyboard */ = {
			isa = PBXVariantGroup;
			children = (
				201978BA1E80BAE20013FACE /* Base */,
			);
			name = Main.storyboard;
			sourceTree = "<group>";
		};
		201978C11E80BAE20013FACE /* LaunchScreen.storyboard */ = {
			isa = PBXVariantGroup;
			children = (
				201978C21E80BAE20013FACE /* Base */,
			);
			name = LaunchScreen.storyboard;
			sourceTree = "<group>";
		};
/* End PBXVariantGroup section */

/* Begin XCBuildConfiguration section */
		201978C51E80BAE20013FACE /* Debug */ = {
			isa = XCBuildConfiguration;
			buildSettings = {
				ALWAYS_SEARCH_USER_PATHS = NO;
				CLANG_ANALYZER_NONNULL = YES;
				CLANG_CXX_LANGUAGE_STANDARD = "gnu++0x";
				CLANG_CXX_LIBRARY = "libc++";
				CLANG_ENABLE_MODULES = YES;
				CLANG_ENABLE_OBJC_ARC = YES;
				CLANG_WARN_BOOL_CONVERSION = YES;
				CLANG_WARN_CONSTANT_CONVERSION = YES;
				CLANG_WARN_DIRECT_OBJC_ISA_USAGE = YES_ERROR;
				CLANG_WARN_DOCUMENTATION_COMMENTS = YES;
				CLANG_WARN_EMPTY_BODY = YES;
				CLANG_WARN_ENUM_CONVERSION = YES;
				CLANG_WARN_INFINITE_RECURSION = YES;
				CLANG_WARN_INT_CONVERSION = YES;
				CLANG_WARN_OBJC_ROOT_CLASS = YES_ERROR;
				CLANG_WARN_SUSPICIOUS_MOVE = YES;
				CLANG_WARN_UNREACHABLE_CODE = YES;
				CLANG_WARN__DUPLICATE_METHOD_MATCH = YES;
				"CODE_SIGN_IDENTITY[sdk=iphoneos*]" = "iPhone Developer";
				COPY_PHASE_STRIP = NO;
				DEBUG_INFORMATION_FORMAT = dwarf;
				ENABLE_STRICT_OBJC_MSGSEND = YES;
				ENABLE_TESTABILITY = YES;
				GCC_C_LANGUAGE_STANDARD = gnu99;
				GCC_DYNAMIC_NO_PIC = NO;
				GCC_NO_COMMON_BLOCKS = YES;
				GCC_OPTIMIZATION_LEVEL = 0;
				GCC_PREPROCESSOR_DEFINITIONS = (
					"DEBUG=1",
					"$(inherited)",
				);
				GCC_WARN_64_TO_32_BIT_CONVERSION = YES;
				GCC_WARN_ABOUT_RETURN_TYPE = YES_ERROR;
				GCC_WARN_UNDECLARED_SELECTOR = YES;
				GCC_WARN_UNINITIALIZED_AUTOS = YES_AGGRESSIVE;
				GCC_WARN_UNUSED_FUNCTION = YES;
				GCC_WARN_UNUSED_VARIABLE = YES;
				IPHONEOS_DEPLOYMENT_TARGET = 10.2;
				MTL_ENABLE_DEBUG_INFO = YES;
				ONLY_ACTIVE_ARCH = YES;
				SDKROOT = iphoneos;
				SWIFT_ACTIVE_COMPILATION_CONDITIONS = DEBUG;
				SWIFT_OPTIMIZATION_LEVEL = "-Onone";
				TARGETED_DEVICE_FAMILY = "1,2";
			};
			name = Debug;
		};
		201978C61E80BAE20013FACE /* Release */ = {
			isa = XCBuildConfiguration;
			buildSettings = {
				ALWAYS_SEARCH_USER_PATHS = NO;
				CLANG_ANALYZER_NONNULL = YES;
				CLANG_CXX_LANGUAGE_STANDARD = "gnu++0x";
				CLANG_CXX_LIBRARY = "libc++";
				CLANG_ENABLE_MODULES = YES;
				CLANG_ENABLE_OBJC_ARC = YES;
				CLANG_WARN_BOOL_CONVERSION = YES;
				CLANG_WARN_CONSTANT_CONVERSION = YES;
				CLANG_WARN_DIRECT_OBJC_ISA_USAGE = YES_ERROR;
				CLANG_WARN_DOCUMENTATION_COMMENTS = YES;
				CLANG_WARN_EMPTY_BODY = YES;
				CLANG_WARN_ENUM_CONVERSION = YES;
				CLANG_WARN_INFINITE_RECURSION = YES;
				CLANG_WARN_INT_CONVERSION = YES;
				CLANG_WARN_OBJC_ROOT_CLASS = YES_ERROR;
				CLANG_WARN_SUSPICIOUS_MOVE = YES;
				CLANG_WARN_UNREACHABLE_CODE = YES;
				CLANG_WARN__DUPLICATE_METHOD_MATCH = YES;
				"CODE_SIGN_IDENTITY[sdk=iphoneos*]" = "iPhone Developer";
				COPY_PHASE_STRIP = NO;
				DEBUG_INFORMATION_FORMAT = "dwarf-with-dsym";
				ENABLE_NS_ASSERTIONS = NO;
				ENABLE_STRICT_OBJC_MSGSEND = YES;
				GCC_C_LANGUAGE_STANDARD = gnu99;
				GCC_NO_COMMON_BLOCKS = YES;
				GCC_WARN_64_TO_32_BIT_CONVERSION = YES;
				GCC_WARN_ABOUT_RETURN_TYPE = YES_ERROR;
				GCC_WARN_UNDECLARED_SELECTOR = YES;
				GCC_WARN_UNINITIALIZED_AUTOS = YES_AGGRESSIVE;
				GCC_WARN_UNUSED_FUNCTION = YES;
				GCC_WARN_UNUSED_VARIABLE = YES;
				IPHONEOS_DEPLOYMENT_TARGET = 10.2;
				MTL_ENABLE_DEBUG_INFO = NO;
				SDKROOT = iphoneos;
				SWIFT_OPTIMIZATION_LEVEL = "-Owholemodule";
				TARGETED_DEVICE_FAMILY = "1,2";
				VALIDATE_PRODUCT = YES;
			};
			name = Release;
		};
		201978C81E80BAE20013FACE /* Debug */ = {
			isa = XCBuildConfiguration;
			baseConfigurationReference = B4C9D9118AFE53887E4B623F /* Pods-LetsDev.debug.xcconfig */;
			buildSettings = {
				ASSETCATALOG_COMPILER_APPICON_NAME = AppIcon;
				DEVELOPMENT_TEAM = U9WVFKNWBQ;
				INFOPLIST_FILE = LetsDev/Info.plist;
				LD_RUNPATH_SEARCH_PATHS = "$(inherited) @executable_path/Frameworks";
				PRODUCT_BUNDLE_IDENTIFIER = com.turtlexuan.LetsDev;
				PRODUCT_NAME = "$(TARGET_NAME)";
				SWIFT_VERSION = 3.0;
			};
			name = Debug;
		};
		201978C91E80BAE20013FACE /* Release */ = {
			isa = XCBuildConfiguration;
			baseConfigurationReference = 01A593E4A91523410B938F6A /* Pods-LetsDev.release.xcconfig */;
			buildSettings = {
				ASSETCATALOG_COMPILER_APPICON_NAME = AppIcon;
				DEVELOPMENT_TEAM = U9WVFKNWBQ;
				INFOPLIST_FILE = LetsDev/Info.plist;
				LD_RUNPATH_SEARCH_PATHS = "$(inherited) @executable_path/Frameworks";
				PRODUCT_BUNDLE_IDENTIFIER = com.turtlexuan.LetsDev;
				PRODUCT_NAME = "$(TARGET_NAME)";
				SWIFT_VERSION = 3.0;
			};
			name = Release;
		};
/* End XCBuildConfiguration section */

/* Begin XCConfigurationList section */
		201978AD1E80BAE20013FACE /* Build configuration list for PBXProject "LetsDev" */ = {
			isa = XCConfigurationList;
			buildConfigurations = (
				201978C51E80BAE20013FACE /* Debug */,
				201978C61E80BAE20013FACE /* Release */,
			);
			defaultConfigurationIsVisible = 0;
			defaultConfigurationName = Release;
		};
		201978C71E80BAE20013FACE /* Build configuration list for PBXNativeTarget "LetsDev" */ = {
			isa = XCConfigurationList;
			buildConfigurations = (
				201978C81E80BAE20013FACE /* Debug */,
				201978C91E80BAE20013FACE /* Release */,
			);
			defaultConfigurationIsVisible = 0;
			defaultConfigurationName = Release;
		};
/* End XCConfigurationList section */

/* Begin XCVersionGroup section */
		201978BC1E80BAE20013FACE /* LetsDev.xcdatamodeld */ = {
			isa = XCVersionGroup;
			children = (
				201978BD1E80BAE20013FACE /* LetsDev.xcdatamodel */,
			);
			currentVersion = 201978BD1E80BAE20013FACE /* LetsDev.xcdatamodel */;
			path = LetsDev.xcdatamodeld;
			sourceTree = "<group>";
			versionGroupType = wrapper.xcdatamodel;
		};
/* End XCVersionGroup section */
	};
	rootObject = 201978AA1E80BAE20013FACE /* Project object */;
}
